// !$*UTF8*$!
{
	archiveVersion = 1;
	classes = {
	};
	objectVersion = 50;
	objects = {

/* Begin PBXBuildFile section */
		8DB8EF8626198976004AADED /* PickUpApp.swift in Sources */ = {isa = PBXBuildFile; fileRef = 8DB8EF8526198976004AADED /* PickUpApp.swift */; };
		8DB8EF8826198976004AADED /* ContentView.swift in Sources */ = {isa = PBXBuildFile; fileRef = 8DB8EF8726198976004AADED /* ContentView.swift */; };
		8DB8EF8A26198979004AADED /* Assets.xcassets in Resources */ = {isa = PBXBuildFile; fileRef = 8DB8EF8926198979004AADED /* Assets.xcassets */; };
		8DB8EF8D26198979004AADED /* Preview Assets.xcassets in Resources */ = {isa = PBXBuildFile; fileRef = 8DB8EF8C26198979004AADED /* Preview Assets.xcassets */; };
		8DB8EF9826198979004AADED /* PickUpTests.swift in Sources */ = {isa = PBXBuildFile; fileRef = 8DB8EF9726198979004AADED /* PickUpTests.swift */; };
		8DB8EFA326198979004AADED /* PickUpUITests.swift in Sources */ = {isa = PBXBuildFile; fileRef = 8DB8EFA226198979004AADED /* PickUpUITests.swift */; };
		8DB8EFB4261989A9004AADED /* SignUpView.swift in Sources */ = {isa = PBXBuildFile; fileRef = 8DB8EFB3261989A9004AADED /* SignUpView.swift */; };
		8DB8EFB9261989B2004AADED /* AuthRepo.swift in Sources */ = {isa = PBXBuildFile; fileRef = 8DB8EFB8261989B2004AADED /* AuthRepo.swift */; };
/* End PBXBuildFile section */

/* Begin PBXContainerItemProxy section */
		8DB8EF9426198979004AADED /* PBXContainerItemProxy */ = {
			isa = PBXContainerItemProxy;
			containerPortal = 8DB8EF7A26198976004AADED /* Project object */;
			proxyType = 1;
			remoteGlobalIDString = 8DB8EF8126198976004AADED;
			remoteInfo = PickUp;
		};
		8DB8EF9F26198979004AADED /* PBXContainerItemProxy */ = {
			isa = PBXContainerItemProxy;
			containerPortal = 8DB8EF7A26198976004AADED /* Project object */;
			proxyType = 1;
			remoteGlobalIDString = 8DB8EF8126198976004AADED;
			remoteInfo = PickUp;
		};
/* End PBXContainerItemProxy section */

/* Begin PBXFileReference section */
		8DB8EF8226198976004AADED /* PickUp.app */ = {isa = PBXFileReference; explicitFileType = wrapper.application; includeInIndex = 0; path = PickUp.app; sourceTree = BUILT_PRODUCTS_DIR; };
		8DB8EF8526198976004AADED /* PickUpApp.swift */ = {isa = PBXFileReference; lastKnownFileType = sourcecode.swift; path = PickUpApp.swift; sourceTree = "<group>"; };
		8DB8EF8726198976004AADED /* ContentView.swift */ = {isa = PBXFileReference; lastKnownFileType = sourcecode.swift; path = ContentView.swift; sourceTree = "<group>"; };
		8DB8EF8926198979004AADED /* Assets.xcassets */ = {isa = PBXFileReference; lastKnownFileType = folder.assetcatalog; path = Assets.xcassets; sourceTree = "<group>"; };
		8DB8EF8C26198979004AADED /* Preview Assets.xcassets */ = {isa = PBXFileReference; lastKnownFileType = folder.assetcatalog; path = "Preview Assets.xcassets"; sourceTree = "<group>"; };
		8DB8EF8E26198979004AADED /* Info.plist */ = {isa = PBXFileReference; lastKnownFileType = text.plist.xml; path = Info.plist; sourceTree = "<group>"; };
		8DB8EF9326198979004AADED /* PickUpTests.xctest */ = {isa = PBXFileReference; explicitFileType = wrapper.cfbundle; includeInIndex = 0; path = PickUpTests.xctest; sourceTree = BUILT_PRODUCTS_DIR; };
		8DB8EF9726198979004AADED /* PickUpTests.swift */ = {isa = PBXFileReference; lastKnownFileType = sourcecode.swift; path = PickUpTests.swift; sourceTree = "<group>"; };
		8DB8EF9926198979004AADED /* Info.plist */ = {isa = PBXFileReference; lastKnownFileType = text.plist.xml; path = Info.plist; sourceTree = "<group>"; };
		8DB8EF9E26198979004AADED /* PickUpUITests.xctest */ = {isa = PBXFileReference; explicitFileType = wrapper.cfbundle; includeInIndex = 0; path = PickUpUITests.xctest; sourceTree = BUILT_PRODUCTS_DIR; };
		8DB8EFA226198979004AADED /* PickUpUITests.swift */ = {isa = PBXFileReference; lastKnownFileType = sourcecode.swift; path = PickUpUITests.swift; sourceTree = "<group>"; };
		8DB8EFA426198979004AADED /* Info.plist */ = {isa = PBXFileReference; lastKnownFileType = text.plist.xml; path = Info.plist; sourceTree = "<group>"; };
		8DB8EFB3261989A9004AADED /* SignUpView.swift */ = {isa = PBXFileReference; fileEncoding = 4; lastKnownFileType = sourcecode.swift; path = SignUpView.swift; sourceTree = "<group>"; };
		8DB8EFB8261989B2004AADED /* AuthRepo.swift */ = {isa = PBXFileReference; fileEncoding = 4; lastKnownFileType = sourcecode.swift; path = AuthRepo.swift; sourceTree = "<group>"; };
/* End PBXFileReference section */

/* Begin PBXFrameworksBuildPhase section */
		8DB8EF7F26198976004AADED /* Frameworks */ = {
			isa = PBXFrameworksBuildPhase;
			buildActionMask = 2147483647;
			files = (
			);
			runOnlyForDeploymentPostprocessing = 0;
		};
		8DB8EF9026198979004AADED /* Frameworks */ = {
			isa = PBXFrameworksBuildPhase;
			buildActionMask = 2147483647;
			files = (
			);
			runOnlyForDeploymentPostprocessing = 0;
		};
		8DB8EF9B26198979004AADED /* Frameworks */ = {
			isa = PBXFrameworksBuildPhase;
			buildActionMask = 2147483647;
			files = (
			);
			runOnlyForDeploymentPostprocessing = 0;
		};
/* End PBXFrameworksBuildPhase section */

/* Begin PBXGroup section */
		8DB8EF7926198976004AADED = {
			isa = PBXGroup;
			children = (
				8DB8EF8426198976004AADED /* PickUp */,
				8DB8EF9626198979004AADED /* PickUpTests */,
				8DB8EFA126198979004AADED /* PickUpUITests */,
				8DB8EF8326198976004AADED /* Products */,
			);
			sourceTree = "<group>";
		};
		8DB8EF8326198976004AADED /* Products */ = {
			isa = PBXGroup;
			children = (
				8DB8EF8226198976004AADED /* PickUp.app */,
				8DB8EF9326198979004AADED /* PickUpTests.xctest */,
				8DB8EF9E26198979004AADED /* PickUpUITests.xctest */,
			);
			name = Products;
			sourceTree = "<group>";
		};
		8DB8EF8426198976004AADED /* PickUp */ = {
			isa = PBXGroup;
			children = (
				8DB8EF8526198976004AADED /* PickUpApp.swift */,
				8DB8EF8726198976004AADED /* ContentView.swift */,
				8DB8EFB8261989B2004AADED /* AuthRepo.swift */,
				8DB8EFB3261989A9004AADED /* SignUpView.swift */,
				8DB8EF8926198979004AADED /* Assets.xcassets */,
				8DB8EF8E26198979004AADED /* Info.plist */,
				8DB8EF8B26198979004AADED /* Preview Content */,
			);
			path = PickUp;
			sourceTree = "<group>";
		};
		8DB8EF8B26198979004AADED /* Preview Content */ = {
			isa = PBXGroup;
			children = (
				8DB8EF8C26198979004AADED /* Preview Assets.xcassets */,
			);
			path = "Preview Content";
			sourceTree = "<group>";
		};
		8DB8EF9626198979004AADED /* PickUpTests */ = {
			isa = PBXGroup;
			children = (
				8DB8EF9726198979004AADED /* PickUpTests.swift */,
				8DB8EF9926198979004AADED /* Info.plist */,
			);
			path = PickUpTests;
			sourceTree = "<group>";
		};
		8DB8EFA126198979004AADED /* PickUpUITests */ = {
			isa = PBXGroup;
			children = (
				8DB8EFA226198979004AADED /* PickUpUITests.swift */,
				8DB8EFA426198979004AADED /* Info.plist */,
			);
			path = PickUpUITests;
			sourceTree = "<group>";
		};
/* End PBXGroup section */

/* Begin PBXNativeTarget section */
		8DB8EF8126198976004AADED /* PickUp */ = {
			isa = PBXNativeTarget;
			buildConfigurationList = 8DB8EFA726198979004AADED /* Build configuration list for PBXNativeTarget "PickUp" */;
			buildPhases = (
				8DB8EF7E26198976004AADED /* Sources */,
				8DB8EF7F26198976004AADED /* Frameworks */,
				8DB8EF8026198976004AADED /* Resources */,
			);
			buildRules = (
			);
			dependencies = (
			);
			name = PickUp;
			productName = PickUp;
			productReference = 8DB8EF8226198976004AADED /* PickUp.app */;
			productType = "com.apple.product-type.application";
		};
		8DB8EF9226198979004AADED /* PickUpTests */ = {
			isa = PBXNativeTarget;
			buildConfigurationList = 8DB8EFAA26198979004AADED /* Build configuration list for PBXNativeTarget "PickUpTests" */;
			buildPhases = (
				8DB8EF8F26198979004AADED /* Sources */,
				8DB8EF9026198979004AADED /* Frameworks */,
				8DB8EF9126198979004AADED /* Resources */,
			);
			buildRules = (
			);
			dependencies = (
				8DB8EF9526198979004AADED /* PBXTargetDependency */,
			);
			name = PickUpTests;
			productName = PickUpTests;
			productReference = 8DB8EF9326198979004AADED /* PickUpTests.xctest */;
			productType = "com.apple.product-type.bundle.unit-test";
		};
		8DB8EF9D26198979004AADED /* PickUpUITests */ = {
			isa = PBXNativeTarget;
			buildConfigurationList = 8DB8EFAD26198979004AADED /* Build configuration list for PBXNativeTarget "PickUpUITests" */;
			buildPhases = (
				8DB8EF9A26198979004AADED /* Sources */,
				8DB8EF9B26198979004AADED /* Frameworks */,
				8DB8EF9C26198979004AADED /* Resources */,
			);
			buildRules = (
			);
			dependencies = (
				8DB8EFA026198979004AADED /* PBXTargetDependency */,
			);
			name = PickUpUITests;
			productName = PickUpUITests;
			productReference = 8DB8EF9E26198979004AADED /* PickUpUITests.xctest */;
			productType = "com.apple.product-type.bundle.ui-testing";
		};
/* End PBXNativeTarget section */

/* Begin PBXProject section */
		8DB8EF7A26198976004AADED /* Project object */ = {
			isa = PBXProject;
			attributes = {
				LastSwiftUpdateCheck = 1240;
				LastUpgradeCheck = 1240;
				TargetAttributes = {
					8DB8EF8126198976004AADED = {
						CreatedOnToolsVersion = 12.4;
					};
					8DB8EF9226198979004AADED = {
						CreatedOnToolsVersion = 12.4;
						TestTargetID = 8DB8EF8126198976004AADED;
					};
					8DB8EF9D26198979004AADED = {
						CreatedOnToolsVersion = 12.4;
						TestTargetID = 8DB8EF8126198976004AADED;
					};
				};
			};
			buildConfigurationList = 8DB8EF7D26198976004AADED /* Build configuration list for PBXProject "PickUp" */;
			compatibilityVersion = "Xcode 9.3";
			developmentRegion = en;
			hasScannedForEncodings = 0;
			knownRegions = (
				en,
				Base,
			);
			mainGroup = 8DB8EF7926198976004AADED;
			productRefGroup = 8DB8EF8326198976004AADED /* Products */;
			projectDirPath = "";
			projectRoot = "";
			targets = (
				8DB8EF8126198976004AADED /* PickUp */,
				8DB8EF9226198979004AADED /* PickUpTests */,
				8DB8EF9D26198979004AADED /* PickUpUITests */,
			);
		};
/* End PBXProject section */

/* Begin PBXResourcesBuildPhase section */
		8DB8EF8026198976004AADED /* Resources */ = {
			isa = PBXResourcesBuildPhase;
			buildActionMask = 2147483647;
			files = (
				8DB8EF8D26198979004AADED /* Preview Assets.xcassets in Resources */,
				8DB8EF8A26198979004AADED /* Assets.xcassets in Resources */,
			);
			runOnlyForDeploymentPostprocessing = 0;
		};
		8DB8EF9126198979004AADED /* Resources */ = {
			isa = PBXResourcesBuildPhase;
			buildActionMask = 2147483647;
			files = (
			);
			runOnlyForDeploymentPostprocessing = 0;
		};
		8DB8EF9C26198979004AADED /* Resources */ = {
			isa = PBXResourcesBuildPhase;
			buildActionMask = 2147483647;
			files = (
			);
			runOnlyForDeploymentPostprocessing = 0;
		};
/* End PBXResourcesBuildPhase section */

/* Begin PBXSourcesBuildPhase section */
		8DB8EF7E26198976004AADED /* Sources */ = {
			isa = PBXSourcesBuildPhase;
			buildActionMask = 2147483647;
			files = (
				8DB8EF8826198976004AADED /* ContentView.swift in Sources */,
				8DB8EFB9261989B2004AADED /* AuthRepo.swift in Sources */,
				8DB8EFB4261989A9004AADED /* SignUpView.swift in Sources */,
				8DB8EF8626198976004AADED /* PickUpApp.swift in Sources */,
			);
			runOnlyForDeploymentPostprocessing = 0;
		};
		8DB8EF8F26198979004AADED /* Sources */ = {
			isa = PBXSourcesBuildPhase;
			buildActionMask = 2147483647;
			files = (
				8DB8EF9826198979004AADED /* PickUpTests.swift in Sources */,
			);
			runOnlyForDeploymentPostprocessing = 0;
		};
		8DB8EF9A26198979004AADED /* Sources */ = {
			isa = PBXSourcesBuildPhase;
			buildActionMask = 2147483647;
			files = (
				8DB8EFA326198979004AADED /* PickUpUITests.swift in Sources */,
			);
			runOnlyForDeploymentPostprocessing = 0;
		};
/* End PBXSourcesBuildPhase section */

/* Begin PBXTargetDependency section */
		8DB8EF9526198979004AADED /* PBXTargetDependency */ = {
			isa = PBXTargetDependency;
			target = 8DB8EF8126198976004AADED /* PickUp */;
			targetProxy = 8DB8EF9426198979004AADED /* PBXContainerItemProxy */;
		};
		8DB8EFA026198979004AADED /* PBXTargetDependency */ = {
			isa = PBXTargetDependency;
			target = 8DB8EF8126198976004AADED /* PickUp */;
			targetProxy = 8DB8EF9F26198979004AADED /* PBXContainerItemProxy */;
		};
/* End PBXTargetDependency section */

/* Begin XCBuildConfiguration section */
		8DB8EFA526198979004AADED /* Debug */ = {
			isa = XCBuildConfiguration;
			buildSettings = {
				ALWAYS_SEARCH_USER_PATHS = NO;
				CLANG_ANALYZER_NONNULL = YES;
				CLANG_ANALYZER_NUMBER_OBJECT_CONVERSION = YES_AGGRESSIVE;
				CLANG_CXX_LANGUAGE_STANDARD = "gnu++14";
				CLANG_CXX_LIBRARY = "libc++";
				CLANG_ENABLE_MODULES = YES;
				CLANG_ENABLE_OBJC_ARC = YES;
				CLANG_ENABLE_OBJC_WEAK = YES;
				CLANG_WARN_BLOCK_CAPTURE_AUTORELEASING = YES;
				CLANG_WARN_BOOL_CONVERSION = YES;
				CLANG_WARN_COMMA = YES;
				CLANG_WARN_CONSTANT_CONVERSION = YES;
				CLANG_WARN_DEPRECATED_OBJC_IMPLEMENTATIONS = YES;
				CLANG_WARN_DIRECT_OBJC_ISA_USAGE = YES_ERROR;
				CLANG_WARN_DOCUMENTATION_COMMENTS = YES;
				CLANG_WARN_EMPTY_BODY = YES;
				CLANG_WARN_ENUM_CONVERSION = YES;
				CLANG_WARN_INFINITE_RECURSION = YES;
				CLANG_WARN_INT_CONVERSION = YES;
				CLANG_WARN_NON_LITERAL_NULL_CONVERSION = YES;
				CLANG_WARN_OBJC_IMPLICIT_RETAIN_SELF = YES;
				CLANG_WARN_OBJC_LITERAL_CONVERSION = YES;
				CLANG_WARN_OBJC_ROOT_CLASS = YES_ERROR;
				CLANG_WARN_QUOTED_INCLUDE_IN_FRAMEWORK_HEADER = YES;
				CLANG_WARN_RANGE_LOOP_ANALYSIS = YES;
				CLANG_WARN_STRICT_PROTOTYPES = YES;
				CLANG_WARN_SUSPICIOUS_MOVE = YES;
				CLANG_WARN_UNGUARDED_AVAILABILITY = YES_AGGRESSIVE;
				CLANG_WARN_UNREACHABLE_CODE = YES;
				CLANG_WARN__DUPLICATE_METHOD_MATCH = YES;
				COPY_PHASE_STRIP = NO;
				DEBUG_INFORMATION_FORMAT = dwarf;
				ENABLE_STRICT_OBJC_MSGSEND = YES;
				ENABLE_TESTABILITY = YES;
				GCC_C_LANGUAGE_STANDARD = gnu11;
				GCC_DYNAMIC_NO_PIC = NO;
				GCC_NO_COMMON_BLOCKS = YES;
				GCC_OPTIMIZATION_LEVEL = 0;
				GCC_PREPROCESSOR_DEFINITIONS = (
					"DEBUG=1",
					"$(inherited)",
				);
				GCC_WARN_64_TO_32_BIT_CONVERSION = YES;
				GCC_WARN_ABOUT_RETURN_TYPE = YES_ERROR;
				GCC_WARN_UNDECLARED_SELECTOR = YES;
				GCC_WARN_UNINITIALIZED_AUTOS = YES_AGGRESSIVE;
				GCC_WARN_UNUSED_FUNCTION = YES;
				GCC_WARN_UNUSED_VARIABLE = YES;
				IPHONEOS_DEPLOYMENT_TARGET = 14.4;
				MTL_ENABLE_DEBUG_INFO = INCLUDE_SOURCE;
				MTL_FAST_MATH = YES;
				ONLY_ACTIVE_ARCH = YES;
				SDKROOT = iphoneos;
				SWIFT_ACTIVE_COMPILATION_CONDITIONS = DEBUG;
				SWIFT_OPTIMIZATION_LEVEL = "-Onone";
			};
			name = Debug;
		};
		8DB8EFA626198979004AADED /* Release */ = {
			isa = XCBuildConfiguration;
			buildSettings = {
				ALWAYS_SEARCH_USER_PATHS = NO;
				CLANG_ANALYZER_NONNULL = YES;
				CLANG_ANALYZER_NUMBER_OBJECT_CONVERSION = YES_AGGRESSIVE;
				CLANG_CXX_LANGUAGE_STANDARD = "gnu++14";
				CLANG_CXX_LIBRARY = "libc++";
				CLANG_ENABLE_MODULES = YES;
				CLANG_ENABLE_OBJC_ARC = YES;
				CLANG_ENABLE_OBJC_WEAK = YES;
				CLANG_WARN_BLOCK_CAPTURE_AUTORELEASING = YES;
				CLANG_WARN_BOOL_CONVERSION = YES;
				CLANG_WARN_COMMA = YES;
				CLANG_WARN_CONSTANT_CONVERSION = YES;
				CLANG_WARN_DEPRECATED_OBJC_IMPLEMENTATIONS = YES;
				CLANG_WARN_DIRECT_OBJC_ISA_USAGE = YES_ERROR;
				CLANG_WARN_DOCUMENTATION_COMMENTS = YES;
				CLANG_WARN_EMPTY_BODY = YES;
				CLANG_WARN_ENUM_CONVERSION = YES;
				CLANG_WARN_INFINITE_RECURSION = YES;
				CLANG_WARN_INT_CONVERSION = YES;
				CLANG_WARN_NON_LITERAL_NULL_CONVERSION = YES;
				CLANG_WARN_OBJC_IMPLICIT_RETAIN_SELF = YES;
				CLANG_WARN_OBJC_LITERAL_CONVERSION = YES;
				CLANG_WARN_OBJC_ROOT_CLASS = YES_ERROR;
				CLANG_WARN_QUOTED_INCLUDE_IN_FRAMEWORK_HEADER = YES;
				CLANG_WARN_RANGE_LOOP_ANALYSIS = YES;
				CLANG_WARN_STRICT_PROTOTYPES = YES;
				CLANG_WARN_SUSPICIOUS_MOVE = YES;
				CLANG_WARN_UNGUARDED_AVAILABILITY = YES_AGGRESSIVE;
				CLANG_WARN_UNREACHABLE_CODE = YES;
				CLANG_WARN__DUPLICATE_METHOD_MATCH = YES;
				COPY_PHASE_STRIP = NO;
				DEBUG_INFORMATION_FORMAT = "dwarf-with-dsym";
				ENABLE_NS_ASSERTIONS = NO;
				ENABLE_STRICT_OBJC_MSGSEND = YES;
				GCC_C_LANGUAGE_STANDARD = gnu11;
				GCC_NO_COMMON_BLOCKS = YES;
				GCC_WARN_64_TO_32_BIT_CONVERSION = YES;
				GCC_WARN_ABOUT_RETURN_TYPE = YES_ERROR;
				GCC_WARN_UNDECLARED_SELECTOR = YES;
				GCC_WARN_UNINITIALIZED_AUTOS = YES_AGGRESSIVE;
				GCC_WARN_UNUSED_FUNCTION = YES;
				GCC_WARN_UNUSED_VARIABLE = YES;
				IPHONEOS_DEPLOYMENT_TARGET = 14.4;
				MTL_ENABLE_DEBUG_INFO = NO;
				MTL_FAST_MATH = YES;
				SDKROOT = iphoneos;
				SWIFT_COMPILATION_MODE = wholemodule;
				SWIFT_OPTIMIZATION_LEVEL = "-O";
				VALIDATE_PRODUCT = YES;
			};
			name = Release;
		};
		8DB8EFA826198979004AADED /* Debug */ = {
			isa = XCBuildConfiguration;
			buildSettings = {
				ASSETCATALOG_COMPILER_APPICON_NAME = AppIcon;
				ASSETCATALOG_COMPILER_GLOBAL_ACCENT_COLOR_NAME = AccentColor;
				CODE_SIGN_STYLE = Automatic;
				DEVELOPMENT_ASSET_PATHS = "\"PickUp/Preview Content\"";
				ENABLE_PREVIEWS = YES;
				INFOPLIST_FILE = PickUp/Info.plist;
				IPHONEOS_DEPLOYMENT_TARGET = 14.0;
				LD_RUNPATH_SEARCH_PATHS = (
					"$(inherited)",
					"@executable_path/Frameworks",
				);
				PRODUCT_BUNDLE_IDENTIFIER = PickUpBois.PickUp;
				PRODUCT_NAME = "$(TARGET_NAME)";
				SWIFT_VERSION = 5.0;
				TARGETED_DEVICE_FAMILY = "1,2";
			};
			name = Debug;
		};
		8DB8EFA926198979004AADED /* Release */ = {
			isa = XCBuildConfiguration;
			buildSettings = {
				ASSETCATALOG_COMPILER_APPICON_NAME = AppIcon;
				ASSETCATALOG_COMPILER_GLOBAL_ACCENT_COLOR_NAME = AccentColor;
				CODE_SIGN_STYLE = Automatic;
				DEVELOPMENT_ASSET_PATHS = "\"PickUp/Preview Content\"";
				ENABLE_PREVIEWS = YES;
				INFOPLIST_FILE = PickUp/Info.plist;
				IPHONEOS_DEPLOYMENT_TARGET = 14.0;
				LD_RUNPATH_SEARCH_PATHS = (
					"$(inherited)",
					"@executable_path/Frameworks",
				);
				PRODUCT_BUNDLE_IDENTIFIER = PickUpBois.PickUp;
				PRODUCT_NAME = "$(TARGET_NAME)";
				SWIFT_VERSION = 5.0;
				TARGETED_DEVICE_FAMILY = "1,2";
			};
			name = Release;
		};
		8DB8EFAB26198979004AADED /* Debug */ = {
			isa = XCBuildConfiguration;
			buildSettings = {
				ALWAYS_EMBED_SWIFT_STANDARD_LIBRARIES = YES;
				BUNDLE_LOADER = "$(TEST_HOST)";
				CODE_SIGN_STYLE = Automatic;
				INFOPLIST_FILE = PickUpTests/Info.plist;
				IPHONEOS_DEPLOYMENT_TARGET = 14.0;
				LD_RUNPATH_SEARCH_PATHS = (
					"$(inherited)",
					"@executable_path/Frameworks",
					"@loader_path/Frameworks",
				);
				PRODUCT_BUNDLE_IDENTIFIER = PickUpBois.PickUpTests;
				PRODUCT_NAME = "$(TARGET_NAME)";
				SWIFT_VERSION = 5.0;
				TARGETED_DEVICE_FAMILY = "1,2";
				TEST_HOST = "$(BUILT_PRODUCTS_DIR)/PickUp.app/PickUp";
			};
			name = Debug;
		};
		8DB8EFAC26198979004AADED /* Release */ = {
			isa = XCBuildConfiguration;
			buildSettings = {
				ALWAYS_EMBED_SWIFT_STANDARD_LIBRARIES = YES;
				BUNDLE_LOADER = "$(TEST_HOST)";
				CODE_SIGN_STYLE = Automatic;
				INFOPLIST_FILE = PickUpTests/Info.plist;
				IPHONEOS_DEPLOYMENT_TARGET = 14.0;
				LD_RUNPATH_SEARCH_PATHS = (
					"$(inherited)",
					"@executable_path/Frameworks",
					"@loader_path/Frameworks",
				);
				PRODUCT_BUNDLE_IDENTIFIER = PickUpBois.PickUpTests;
				PRODUCT_NAME = "$(TARGET_NAME)";
				SWIFT_VERSION = 5.0;
				TARGETED_DEVICE_FAMILY = "1,2";
				TEST_HOST = "$(BUILT_PRODUCTS_DIR)/PickUp.app/PickUp";
			};
			name = Release;
		};
		8DB8EFAE26198979004AADED /* Debug */ = {
			isa = XCBuildConfiguration;
			buildSettings = {
				ALWAYS_EMBED_SWIFT_STANDARD_LIBRARIES = YES;
				CODE_SIGN_STYLE = Automatic;
				INFOPLIST_FILE = PickUpUITests/Info.plist;
				LD_RUNPATH_SEARCH_PATHS = (
					"$(inherited)",
					"@executable_path/Frameworks",
					"@loader_path/Frameworks",
				);
				PRODUCT_BUNDLE_IDENTIFIER = PickUpBois.PickUpUITests;
				PRODUCT_NAME = "$(TARGET_NAME)";
				SWIFT_VERSION = 5.0;
				TARGETED_DEVICE_FAMILY = "1,2";
				TEST_TARGET_NAME = PickUp;
			};
			name = Debug;
		};
		8DB8EFAF26198979004AADED /* Release */ = {
			isa = XCBuildConfiguration;
			buildSettings = {
				ALWAYS_EMBED_SWIFT_STANDARD_LIBRARIES = YES;
				CODE_SIGN_STYLE = Automatic;
				INFOPLIST_FILE = PickUpUITests/Info.plist;
				LD_RUNPATH_SEARCH_PATHS = (
					"$(inherited)",
					"@executable_path/Frameworks",
					"@loader_path/Frameworks",
				);
				PRODUCT_BUNDLE_IDENTIFIER = PickUpBois.PickUpUITests;
				PRODUCT_NAME = "$(TARGET_NAME)";
				SWIFT_VERSION = 5.0;
				TARGETED_DEVICE_FAMILY = "1,2";
				TEST_TARGET_NAME = PickUp;
			};
			name = Release;
		};
/* End XCBuildConfiguration section */

/* Begin XCConfigurationList section */
		8DB8EF7D26198976004AADED /* Build configuration list for PBXProject "PickUp" */ = {
			isa = XCConfigurationList;
			buildConfigurations = (
				8DB8EFA526198979004AADED /* Debug */,
				8DB8EFA626198979004AADED /* Release */,
			);
			defaultConfigurationIsVisible = 0;
			defaultConfigurationName = Release;
		};
		8DB8EFA726198979004AADED /* Build configuration list for PBXNativeTarget "PickUp" */ = {
			isa = XCConfigurationList;
			buildConfigurations = (
				8DB8EFA826198979004AADED /* Debug */,
				8DB8EFA926198979004AADED /* Release */,
			);
			defaultConfigurationIsVisible = 0;
			defaultConfigurationName = Release;
		};
		8DB8EFAA26198979004AADED /* Build configuration list for PBXNativeTarget "PickUpTests" */ = {
			isa = XCConfigurationList;
			buildConfigurations = (
				8DB8EFAB26198979004AADED /* Debug */,
				8DB8EFAC26198979004AADED /* Release */,
			);
			defaultConfigurationIsVisible = 0;
			defaultConfigurationName = Release;
		};
		8DB8EFAD26198979004AADED /* Build configuration list for PBXNativeTarget "PickUpUITests" */ = {
			isa = XCConfigurationList;
			buildConfigurations = (
				8DB8EFAE26198979004AADED /* Debug */,
				8DB8EFAF26198979004AADED /* Release */,
			);
			defaultConfigurationIsVisible = 0;
			defaultConfigurationName = Release;
		};
/* End XCConfigurationList section */
	};
	rootObject = 8DB8EF7A26198976004AADED /* Project object */;
}
