// !$*UTF8*$!
{
	archiveVersion = 1;
	classes = {
	};
	objectVersion = 54;
	objects = {

/* Begin PBXBuildFile section */
		1A03F99D263F473000C2E2CD /* PastPickupView.swift in Sources */ = {isa = PBXBuildFile; fileRef = 1A03F99C263F473000C2E2CD /* PastPickupView.swift */; };
		1A03F99F263F482F00C2E2CD /* UpcomingPickupsView.swift in Sources */ = {isa = PBXBuildFile; fileRef = 1A03F99E263F482F00C2E2CD /* UpcomingPickupsView.swift */; };
		1A2E5BDF2658637F006A803A /* EditedPickupNotificationView.swift in Sources */ = {isa = PBXBuildFile; fileRef = 1A2E5BDE2658637F006A803A /* EditedPickupNotificationView.swift */; };
		1A2E5BE126586455006A803A /* FriendRequestNotificationView.swift in Sources */ = {isa = PBXBuildFile; fileRef = 1A2E5BE026586455006A803A /* FriendRequestNotificationView.swift */; };
		1A2E5BE3265865EB006A803A /* ConfirmationNotificationView.swift in Sources */ = {isa = PBXBuildFile; fileRef = 1A2E5BE2265865EA006A803A /* ConfirmationNotificationView.swift */; };
		1A2E5BE526586698006A803A /* FinishPickupNotificationView.swift in Sources */ = {isa = PBXBuildFile; fileRef = 1A2E5BE426586698006A803A /* FinishPickupNotificationView.swift */; };
		1A2E5BEA265CA9E5006A803A /* InputScoreView.swift in Sources */ = {isa = PBXBuildFile; fileRef = 1A2E5BE9265CA9E5006A803A /* InputScoreView.swift */; };
		1A2E5BEC265CB784006A803A /* FinishPickupView.swift in Sources */ = {isa = PBXBuildFile; fileRef = 1A2E5BEB265CB784006A803A /* FinishPickupView.swift */; };
		1A2E5BEE265CBE38006A803A /* PastScoresView.swift in Sources */ = {isa = PBXBuildFile; fileRef = 1A2E5BED265CBE38006A803A /* PastScoresView.swift */; };
		1A49DC0D265466BD007F28FD /* PostedPickUpsView.swift in Sources */ = {isa = PBXBuildFile; fileRef = 1A49DC0C265466BD007F28FD /* PostedPickUpsView.swift */; };
		1AB25B682668CAE500314C53 /* EditPickupView.swift in Sources */ = {isa = PBXBuildFile; fileRef = 1AB25B672668CAE500314C53 /* EditPickupView.swift */; };
		1AB44EDB26439DB300568ECB /* TypingBlockView.swift in Sources */ = {isa = PBXBuildFile; fileRef = 1AB44EDA26439DB300568ECB /* TypingBlockView.swift */; };
		1ADE7E34264C48060097138F /* SocialView.swift in Sources */ = {isa = PBXBuildFile; fileRef = 1ADE7E33264C48060097138F /* SocialView.swift */; };
		1ADE7E36264C50E90097138F /* CourtsNearMeView.swift in Sources */ = {isa = PBXBuildFile; fileRef = 1ADE7E35264C50E90097138F /* CourtsNearMeView.swift */; };
		1F30A886AE165751D712C11B /* Pods_PickUp.framework in Frameworks */ = {isa = PBXBuildFile; fileRef = 49D2DCFAB236044BB62AF4D7 /* Pods_PickUp.framework */; };
		8D09E70B2623E16E0007B871 /* ProfileView.swift in Sources */ = {isa = PBXBuildFile; fileRef = 8D09E70A2623E16E0007B871 /* ProfileView.swift */; };
		8D0FD6A42674616D006C84D3 /* NotificationViewModel.graphql in Resources */ = {isa = PBXBuildFile; fileRef = 8D0FD6A32674616D006C84D3 /* NotificationViewModel.graphql */; };
		8D2094A1263C6F43009B1609 /* ProfileSettingsView.swift in Sources */ = {isa = PBXBuildFile; fileRef = 8D2094A0263C6F43009B1609 /* ProfileSettingsView.swift */; };
		8D2A3EF3261EC3E100521A6A /* SignUpView.swift in Sources */ = {isa = PBXBuildFile; fileRef = 8D2A3EF2261EC3E100521A6A /* SignUpView.swift */; };
		8D2B0C50263819060032AE67 /* ImagePicker.swift in Sources */ = {isa = PBXBuildFile; fileRef = 8D2B0C4F263819060032AE67 /* ImagePicker.swift */; };
		8D30B108263E2146002B4C62 /* ProfilePicture.swift in Sources */ = {isa = PBXBuildFile; fileRef = 8D30B107263E2146002B4C62 /* ProfilePicture.swift */; };
		8D30B110263E232C002B4C62 /* ProfileHeaderView.swift in Sources */ = {isa = PBXBuildFile; fileRef = 8D30B10F263E232C002B4C62 /* ProfileHeaderView.swift */; };
		8D3CDD3226583A93000EE754 /* SearchBarView.swift in Sources */ = {isa = PBXBuildFile; fileRef = 8D3CDD3126583A92000EE754 /* SearchBarView.swift */; };
		8D484B91261B73A200814A8F /* AuthFirebaseDataSourceTest.swift in Sources */ = {isa = PBXBuildFile; fileRef = 8DB8EFF6261A74F7004AADED /* AuthFirebaseDataSourceTest.swift */; };
		8D5EE0242652D1A400EE7840 /* PickUpListView.swift in Sources */ = {isa = PBXBuildFile; fileRef = 8D5EE0232652D1A400EE7840 /* PickUpListView.swift */; };
		8D5EE0292652D2CD00EE7840 /* PickUpView.swift in Sources */ = {isa = PBXBuildFile; fileRef = 8D5EE0282652D2CD00EE7840 /* PickUpView.swift */; };
		8D5EE02F2652D58300EE7840 /* CourtsNearMeListView.swift in Sources */ = {isa = PBXBuildFile; fileRef = 8D5EE02E2652D58300EE7840 /* CourtsNearMeListView.swift */; };
		8D5EE0372652D6AF00EE7840 /* PickUpTabListView.swift in Sources */ = {isa = PBXBuildFile; fileRef = 8D5EE0362652D6AF00EE7840 /* PickUpTabListView.swift */; };
		8D5EE07A26531EC200EE7840 /* ProfilePastEventView.swift in Sources */ = {isa = PBXBuildFile; fileRef = 8D5EE07926531EC200EE7840 /* ProfilePastEventView.swift */; };
		8D63ED24266F10160022FB79 /* NotificationListViewModel.swift in Sources */ = {isa = PBXBuildFile; fileRef = 8D63ED23266F10160022FB79 /* NotificationListViewModel.swift */; };
		8D63ED2A266F17910022FB79 /* NotificationViewModel.swift in Sources */ = {isa = PBXBuildFile; fileRef = 8D63ED29266F17910022FB79 /* NotificationViewModel.swift */; };
		8D63ED3D266FFE090022FB79 /* SetScoresViewModel.swift in Sources */ = {isa = PBXBuildFile; fileRef = 8D63ED3C266FFE090022FB79 /* SetScoresViewModel.swift */; };
		8D63ED47267000FC0022FB79 /* SetScoreView.swift in Sources */ = {isa = PBXBuildFile; fileRef = 8D63ED46267000FC0022FB79 /* SetScoreView.swift */; };
		8D65B2682658C91D0085D5EE /* AppState.swift in Sources */ = {isa = PBXBuildFile; fileRef = 8D65B2672658C91D0085D5EE /* AppState.swift */; };
		8D65B26F2658C9F50085D5EE /* AuthService.swift in Sources */ = {isa = PBXBuildFile; fileRef = 8D65B26E2658C9F50085D5EE /* AuthService.swift */; };
		8D65B2772658CCF30085D5EE /* Services.swift in Sources */ = {isa = PBXBuildFile; fileRef = 8D65B2762658CCF30085D5EE /* Services.swift */; };
		8D65B27C2658CD790085D5EE /* StorageService.swift in Sources */ = {isa = PBXBuildFile; fileRef = 8D65B27B2658CD790085D5EE /* StorageService.swift */; };
		8D65B2812658CE550085D5EE /* RestService.swift in Sources */ = {isa = PBXBuildFile; fileRef = 8D65B2802658CE550085D5EE /* RestService.swift */; };
		8D65B2862658CEBE0085D5EE /* ProfileViewModel.swift in Sources */ = {isa = PBXBuildFile; fileRef = 8D65B2852658CEBE0085D5EE /* ProfileViewModel.swift */; };
		8D65B28B2658CF6F0085D5EE /* ProfileSettingsViewModel.swift in Sources */ = {isa = PBXBuildFile; fileRef = 8D65B28A2658CF6F0085D5EE /* ProfileSettingsViewModel.swift */; };
		8D65B2972658DCF40085D5EE /* ProfileViewModel.graphql in Resources */ = {isa = PBXBuildFile; fileRef = 8D5EE002265280E100EE7840 /* ProfileViewModel.graphql */; };
		8D65B2A32658E04E0085D5EE /* ProfileSettingsViewModel.graphql in Resources */ = {isa = PBXBuildFile; fileRef = 8DFB9A682650AF0A00254C57 /* ProfileSettingsViewModel.graphql */; };
		8D65B2A52658E04E0085D5EE /* CreateEventViewModel.graphql in Resources */ = {isa = PBXBuildFile; fileRef = 8D5EDFF526520C8300EE7840 /* CreateEventViewModel.graphql */; };
		8D65B2A62658E04E0085D5EE /* HomeViewModel.graphql in Resources */ = {isa = PBXBuildFile; fileRef = 8D5EE0572652E09300EE7840 /* HomeViewModel.graphql */; };
		8D65B2AB265904EA0085D5EE /* CreateEventViewModel.swift in Sources */ = {isa = PBXBuildFile; fileRef = 8D65B2AA265904EA0085D5EE /* CreateEventViewModel.swift */; };
		8D65B2B3265905400085D5EE /* SignUpViewModel.swift in Sources */ = {isa = PBXBuildFile; fileRef = 8D65B2B2265905400085D5EE /* SignUpViewModel.swift */; };
		8D65B2B8265906290085D5EE /* LoginViewModel.swift in Sources */ = {isa = PBXBuildFile; fileRef = 8D65B2B7265906290085D5EE /* LoginViewModel.swift */; };
		8D65B2D826590F310085D5EE /* HomeViewModel.swift in Sources */ = {isa = PBXBuildFile; fileRef = 8D65B2D726590F310085D5EE /* HomeViewModel.swift */; };
		8D65B2E626592AA00085D5EE /* SearchItemView.swift in Sources */ = {isa = PBXBuildFile; fileRef = 8D65B2E526592AA00085D5EE /* SearchItemView.swift */; };
		8D65B2F626592FA70085D5EE /* FindTeammatesViewModel.swift in Sources */ = {isa = PBXBuildFile; fileRef = 8D65B2F526592FA70085D5EE /* FindTeammatesViewModel.swift */; };
		8D65B2FB265931900085D5EE /* FindTeammatesViewModel.graphql in Resources */ = {isa = PBXBuildFile; fileRef = 8D65B2FA265931900085D5EE /* FindTeammatesViewModel.graphql */; };
		8D65B377265B06900085D5EE /* API.swift in Sources */ = {isa = PBXBuildFile; fileRef = 8D65B376265B06900085D5EE /* API.swift */; };
		8D69FE8F2676FDC5009D2AFF /* VotedForMvpNotificationView.swift in Sources */ = {isa = PBXBuildFile; fileRef = 8D69FE8E2676FDC5009D2AFF /* VotedForMvpNotificationView.swift */; };
		8D69FE9626792CC6009D2AFF /* AuthenticationInterceptor.swift in Sources */ = {isa = PBXBuildFile; fileRef = 8D69FE9526792CC5009D2AFF /* AuthenticationInterceptor.swift */; };
		8D69FE9C267E5707009D2AFF /* GoogleService-Info.plist in Resources */ = {isa = PBXBuildFile; fileRef = 8D69FE9B267E5706009D2AFF /* GoogleService-Info.plist */; };
		8D69FE9D267E579C009D2AFF /* GoogleService-Info.plist in Resources */ = {isa = PBXBuildFile; fileRef = 8D69FE9B267E5706009D2AFF /* GoogleService-Info.plist */; };
		8D69FE9E267E579C009D2AFF /* GoogleService-Info.plist in Resources */ = {isa = PBXBuildFile; fileRef = 8D69FE9B267E5706009D2AFF /* GoogleService-Info.plist */; };
		8D7AC469266C772300672918 /* EventInvitationNotificationView.swift in Sources */ = {isa = PBXBuildFile; fileRef = 8D7AC468266C772300672918 /* EventInvitationNotificationView.swift */; };
		8D7AC479266D081B00672918 /* EventSportSelectionView.swift in Sources */ = {isa = PBXBuildFile; fileRef = 8D7AC478266D081B00672918 /* EventSportSelectionView.swift */; };
		8D7AC47E266D636400672918 /* EventDetailsBoxView.swift in Sources */ = {isa = PBXBuildFile; fileRef = 8D7AC47D266D636400672918 /* EventDetailsBoxView.swift */; };
		8D7AC489266D73B000672918 /* TeamatePickerView.swift in Sources */ = {isa = PBXBuildFile; fileRef = 8D7AC488266D73B000672918 /* TeamatePickerView.swift */; };
		8D7AC4A1266DAC4F00672918 /* NotificationView.swift in Sources */ = {isa = PBXBuildFile; fileRef = 8D7AC4A0266DAC4F00672918 /* NotificationView.swift */; };
		8DA9D1A0268002AC00513358 /* ProfilePictureViewModel.swift in Sources */ = {isa = PBXBuildFile; fileRef = 8DA9D19F268002AC00513358 /* ProfilePictureViewModel.swift */; };
		8DB8EF8626198976004AADED /* PickUpApp.swift in Sources */ = {isa = PBXBuildFile; fileRef = 8DB8EF8526198976004AADED /* PickUpApp.swift */; };
		8DB8EF8826198976004AADED /* ContentView.swift in Sources */ = {isa = PBXBuildFile; fileRef = 8DB8EF8726198976004AADED /* ContentView.swift */; };
		8DB8EF8A26198979004AADED /* Assets.xcassets in Resources */ = {isa = PBXBuildFile; fileRef = 8DB8EF8926198979004AADED /* Assets.xcassets */; };
		8DB8EF8D26198979004AADED /* Preview Assets.xcassets in Resources */ = {isa = PBXBuildFile; fileRef = 8DB8EF8C26198979004AADED /* Preview Assets.xcassets */; };
		8DB8EF9826198979004AADED /* PickUpTests.swift in Sources */ = {isa = PBXBuildFile; fileRef = 8DB8EF9726198979004AADED /* PickUpTests.swift */; };
		8DB8EFA326198979004AADED /* PickUpUITests.swift in Sources */ = {isa = PBXBuildFile; fileRef = 8DB8EFA226198979004AADED /* PickUpUITests.swift */; };
		8DB8F058261AAE90004AADED /* PickUpAppDelegate.swift in Sources */ = {isa = PBXBuildFile; fileRef = 8DB8F057261AAE90004AADED /* PickUpAppDelegate.swift */; };
		8DB8F059261AAE90004AADED /* PickUpAppDelegate.swift in Sources */ = {isa = PBXBuildFile; fileRef = 8DB8F057261AAE90004AADED /* PickUpAppDelegate.swift */; };
		8DB8F05A261AAE90004AADED /* PickUpAppDelegate.swift in Sources */ = {isa = PBXBuildFile; fileRef = 8DB8F057261AAE90004AADED /* PickUpAppDelegate.swift */; };
		8DD29A4A26684FEC005DFCB2 /* UserDetails.graphql in Resources */ = {isa = PBXBuildFile; fileRef = 8DD29A4926684FEC005DFCB2 /* UserDetails.graphql */; };
		8DD29A4F26685007005DFCB2 /* EventDetails.graphql in Resources */ = {isa = PBXBuildFile; fileRef = 8DD29A4E26685007005DFCB2 /* EventDetails.graphql */; };
		8DE5216D2663FC760077AF09 /* FriendRequestResponseNotificationView.swift in Sources */ = {isa = PBXBuildFile; fileRef = 8DE5216C2663FC760077AF09 /* FriendRequestResponseNotificationView.swift */; };
		8DE52179266427FC0077AF09 /* FriendsListView.swift in Sources */ = {isa = PBXBuildFile; fileRef = 8DE52178266427FC0077AF09 /* FriendsListView.swift */; };
		8DE52181266428130077AF09 /* FriendItemView.swift in Sources */ = {isa = PBXBuildFile; fileRef = 8DE52180266428130077AF09 /* FriendItemView.swift */; };
		8DE52186266428320077AF09 /* FriendsListViewModel.swift in Sources */ = {isa = PBXBuildFile; fileRef = 8DE52185266428320077AF09 /* FriendsListViewModel.swift */; };
		8DE5218B266428980077AF09 /* FriendsListViewModel.graphql in Resources */ = {isa = PBXBuildFile; fileRef = 8DE5218A266428980077AF09 /* FriendsListViewModel.graphql */; };
		8DFAD531261EBA910055BA76 /* LoginView.swift in Sources */ = {isa = PBXBuildFile; fileRef = 8DFAD530261EBA910055BA76 /* LoginView.swift */; };
		8DFB9988264E2C9F00254C57 /* EventDatePickerView.swift in Sources */ = {isa = PBXBuildFile; fileRef = 8DFB9987264E2C9F00254C57 /* EventDatePickerView.swift */; };
		8DFB998D264E342800254C57 /* EventLocationPickerView.swift in Sources */ = {isa = PBXBuildFile; fileRef = 8DFB998C264E342800254C57 /* EventLocationPickerView.swift */; };
		8DFB99A7264ECBE400254C57 /* CreateSportEventView.swift in Sources */ = {isa = PBXBuildFile; fileRef = 8DFB99A6264ECBE400254C57 /* CreateSportEventView.swift */; };
		8DFB9A532650A73000254C57 /* SignUpViewModel.graphql in Resources */ = {isa = PBXBuildFile; fileRef = 8DFB9A522650A73000254C57 /* SignUpViewModel.graphql */; };
		8DFCF504262788A000BBFE66 /* MainView.swift in Sources */ = {isa = PBXBuildFile; fileRef = 8DFCF503262788A000BBFE66 /* MainView.swift */; };
		8DFCF50E262788AF00BBFE66 /* FindTeammatesView.swift in Sources */ = {isa = PBXBuildFile; fileRef = 8DFCF50D262788AF00BBFE66 /* FindTeammatesView.swift */; };
		8DFCF518262788BD00BBFE66 /* MapView.swift in Sources */ = {isa = PBXBuildFile; fileRef = 8DFCF517262788BD00BBFE66 /* MapView.swift */; };
		8DFCF522262788D000BBFE66 /* CreateEventView.swift in Sources */ = {isa = PBXBuildFile; fileRef = 8DFCF521262788D000BBFE66 /* CreateEventView.swift */; };
		8DFCF52C262788E100BBFE66 /* HomeView.swift in Sources */ = {isa = PBXBuildFile; fileRef = 8DFCF52B262788E100BBFE66 /* HomeView.swift */; };
		9499867C769D5AB3003A2BD4 /* Pods_PickUp_PickUpUITests.framework in Frameworks */ = {isa = PBXBuildFile; fileRef = E0E894F9584738F31FCC29B2 /* Pods_PickUp_PickUpUITests.framework */; };
		A522AC06EBEAAA763B5BF6AE /* (null) in Frameworks */ = {isa = PBXBuildFile; };
		C0151120265A09FB005EF24A /* CreatePostView.swift in Sources */ = {isa = PBXBuildFile; fileRef = C015111F265A09FB005EF24A /* CreatePostView.swift */; };
		C0151122265A2612005EF24A /* PostNotificationView.swift in Sources */ = {isa = PBXBuildFile; fileRef = C0151121265A2612005EF24A /* PostNotificationView.swift */; };
		C0151125265A2DF6005EF24A /* MessageView.swift in Sources */ = {isa = PBXBuildFile; fileRef = C0151124265A2DF6005EF24A /* MessageView.swift */; };
		C0151127265A36B8005EF24A /* ChatView.swift in Sources */ = {isa = PBXBuildFile; fileRef = C0151126265A36B8005EF24A /* ChatView.swift */; };
		C04BFC1C267E6643006DE620 /* LoadingView.swift in Sources */ = {isa = PBXBuildFile; fileRef = C04BFC1B267E6643006DE620 /* LoadingView.swift */; };
		C04BFC2026811277006DE620 /* PopUpList.swift in Sources */ = {isa = PBXBuildFile; fileRef = C04BFC1F26811276006DE620 /* PopUpList.swift */; };
		C055C3CA2673074200FF40AA /* EditPickupViewModel.swift in Sources */ = {isa = PBXBuildFile; fileRef = C055C3C92673074200FF40AA /* EditPickupViewModel.swift */; };
		C06A97D326790DF2004966F0 /* PopOverView.swift in Sources */ = {isa = PBXBuildFile; fileRef = C06A97D226790DF2004966F0 /* PopOverView.swift */; };
		C088BBA7265780CB007301F7 /* MapViewModel.swift in Sources */ = {isa = PBXBuildFile; fileRef = C088BBA6265780CB007301F7 /* MapViewModel.swift */; };
		C088BBA9265785BE007301F7 /* MapMainView.swift in Sources */ = {isa = PBXBuildFile; fileRef = C088BBA8265785BE007301F7 /* MapMainView.swift */; };
		C088BBAC26579A79007301F7 /* Place.swift in Sources */ = {isa = PBXBuildFile; fileRef = C088BBAB26579A79007301F7 /* Place.swift */; };
		C088BBAE2657ABE2007301F7 /* MapSideMenuView.swift in Sources */ = {isa = PBXBuildFile; fileRef = C088BBAD2657ABE2007301F7 /* MapSideMenuView.swift */; };
		C088BBB026582B4C007301F7 /* SocialViewScrollView.swift in Sources */ = {isa = PBXBuildFile; fileRef = C088BBAF26582B4B007301F7 /* SocialViewScrollView.swift */; };
		C09773122660412D0045B978 /* CourtsNearMeScrollView.swift in Sources */ = {isa = PBXBuildFile; fileRef = C09773112660412D0045B978 /* CourtsNearMeScrollView.swift */; };
		C0977314266041900045B978 /* PickUpNearMeScrollView.swift in Sources */ = {isa = PBXBuildFile; fileRef = C0977313266041900045B978 /* PickUpNearMeScrollView.swift */; };
		C0B63B36267041F4008237EE /* BusynessView.swift in Sources */ = {isa = PBXBuildFile; fileRef = C0B63B35267041F4008237EE /* BusynessView.swift */; };
		C0B63B38267059A4008237EE /* CourtsNearMeFullView.swift in Sources */ = {isa = PBXBuildFile; fileRef = C0B63B37267059A4008237EE /* CourtsNearMeFullView.swift */; };
		C0B81C6E2657064B000555BD /* NotificationListView.swift in Sources */ = {isa = PBXBuildFile; fileRef = C0B81C6D2657064B000555BD /* NotificationListView.swift */; };
		C0D4716C264098BF00E7B6C7 /* CreateEventView.xib in Resources */ = {isa = PBXBuildFile; fileRef = C0D4716B264098BF00E7B6C7 /* CreateEventView.xib */; };
		C3A53BC40D77F97812A0D38D /* Pods_PickUpTests.framework in Frameworks */ = {isa = PBXBuildFile; fileRef = DD2FF25FDE8AC48FA9AC6775 /* Pods_PickUpTests.framework */; };
/* End PBXBuildFile section */

/* Begin PBXContainerItemProxy section */
		8DB8EF9426198979004AADED /* PBXContainerItemProxy */ = {
			isa = PBXContainerItemProxy;
			containerPortal = 8DB8EF7A26198976004AADED /* Project object */;
			proxyType = 1;
			remoteGlobalIDString = 8DB8EF8126198976004AADED;
			remoteInfo = PickUp;
		};
		8DB8EF9F26198979004AADED /* PBXContainerItemProxy */ = {
			isa = PBXContainerItemProxy;
			containerPortal = 8DB8EF7A26198976004AADED /* Project object */;
			proxyType = 1;
			remoteGlobalIDString = 8DB8EF8126198976004AADED;
			remoteInfo = PickUp;
		};
/* End PBXContainerItemProxy section */

/* Begin PBXCopyFilesBuildPhase section */
		8D65B36C265B00980085D5EE /* CopyFiles */ = {
			isa = PBXCopyFilesBuildPhase;
			buildActionMask = 2147483647;
			dstPath = "";
			dstSubfolderSpec = 7;
			files = (
			);
			runOnlyForDeploymentPostprocessing = 0;
		};
/* End PBXCopyFilesBuildPhase section */

/* Begin PBXFileReference section */
		1A03F99C263F473000C2E2CD /* PastPickupView.swift */ = {isa = PBXFileReference; lastKnownFileType = sourcecode.swift; path = PastPickupView.swift; sourceTree = "<group>"; };
		1A03F99E263F482F00C2E2CD /* UpcomingPickupsView.swift */ = {isa = PBXFileReference; lastKnownFileType = sourcecode.swift; path = UpcomingPickupsView.swift; sourceTree = "<group>"; };
		1A2E5BDE2658637F006A803A /* EditedPickupNotificationView.swift */ = {isa = PBXFileReference; lastKnownFileType = sourcecode.swift; path = EditedPickupNotificationView.swift; sourceTree = "<group>"; };
		1A2E5BE026586455006A803A /* FriendRequestNotificationView.swift */ = {isa = PBXFileReference; lastKnownFileType = sourcecode.swift; path = FriendRequestNotificationView.swift; sourceTree = "<group>"; };
		1A2E5BE2265865EA006A803A /* ConfirmationNotificationView.swift */ = {isa = PBXFileReference; lastKnownFileType = sourcecode.swift; path = ConfirmationNotificationView.swift; sourceTree = "<group>"; };
		1A2E5BE426586698006A803A /* FinishPickupNotificationView.swift */ = {isa = PBXFileReference; lastKnownFileType = sourcecode.swift; path = FinishPickupNotificationView.swift; sourceTree = "<group>"; };
		1A2E5BE9265CA9E5006A803A /* InputScoreView.swift */ = {isa = PBXFileReference; lastKnownFileType = sourcecode.swift; path = InputScoreView.swift; sourceTree = "<group>"; };
		1A2E5BEB265CB784006A803A /* FinishPickupView.swift */ = {isa = PBXFileReference; lastKnownFileType = sourcecode.swift; path = FinishPickupView.swift; sourceTree = "<group>"; };
		1A2E5BED265CBE38006A803A /* PastScoresView.swift */ = {isa = PBXFileReference; lastKnownFileType = sourcecode.swift; path = PastScoresView.swift; sourceTree = "<group>"; };
		1A49DC0C265466BD007F28FD /* PostedPickUpsView.swift */ = {isa = PBXFileReference; lastKnownFileType = sourcecode.swift; path = PostedPickUpsView.swift; sourceTree = "<group>"; };
		1AB25B672668CAE500314C53 /* EditPickupView.swift */ = {isa = PBXFileReference; lastKnownFileType = sourcecode.swift; path = EditPickupView.swift; sourceTree = "<group>"; };
		1AB44EDA26439DB300568ECB /* TypingBlockView.swift */ = {isa = PBXFileReference; lastKnownFileType = sourcecode.swift; path = TypingBlockView.swift; sourceTree = "<group>"; };
		1ADE7E33264C48060097138F /* SocialView.swift */ = {isa = PBXFileReference; lastKnownFileType = sourcecode.swift; path = SocialView.swift; sourceTree = "<group>"; };
		1ADE7E35264C50E90097138F /* CourtsNearMeView.swift */ = {isa = PBXFileReference; lastKnownFileType = sourcecode.swift; path = CourtsNearMeView.swift; sourceTree = "<group>"; };
		3D2413990659958D11A4B251 /* Pods-PickUp-PickUpUITests.debug.xcconfig */ = {isa = PBXFileReference; includeInIndex = 1; lastKnownFileType = text.xcconfig; name = "Pods-PickUp-PickUpUITests.debug.xcconfig"; path = "Target Support Files/Pods-PickUp-PickUpUITests/Pods-PickUp-PickUpUITests.debug.xcconfig"; sourceTree = "<group>"; };
		49D2DCFAB236044BB62AF4D7 /* Pods_PickUp.framework */ = {isa = PBXFileReference; explicitFileType = wrapper.framework; includeInIndex = 0; path = Pods_PickUp.framework; sourceTree = BUILT_PRODUCTS_DIR; };
		6403E9CD6469737F34F86843 /* Pods-PickUpTests.release.xcconfig */ = {isa = PBXFileReference; includeInIndex = 1; lastKnownFileType = text.xcconfig; name = "Pods-PickUpTests.release.xcconfig"; path = "Target Support Files/Pods-PickUpTests/Pods-PickUpTests.release.xcconfig"; sourceTree = "<group>"; };
		8D09E70A2623E16E0007B871 /* ProfileView.swift */ = {isa = PBXFileReference; fileEncoding = 4; lastKnownFileType = sourcecode.swift; path = ProfileView.swift; sourceTree = "<group>"; };
		8D0FD6A32674616D006C84D3 /* NotificationViewModel.graphql */ = {isa = PBXFileReference; lastKnownFileType = text; path = NotificationViewModel.graphql; sourceTree = "<group>"; };
		8D2094A0263C6F43009B1609 /* ProfileSettingsView.swift */ = {isa = PBXFileReference; lastKnownFileType = sourcecode.swift; path = ProfileSettingsView.swift; sourceTree = "<group>"; };
		8D2A3EF2261EC3E100521A6A /* SignUpView.swift */ = {isa = PBXFileReference; lastKnownFileType = sourcecode.swift; path = SignUpView.swift; sourceTree = "<group>"; };
		8D2B0C4F263819060032AE67 /* ImagePicker.swift */ = {isa = PBXFileReference; lastKnownFileType = sourcecode.swift; path = ImagePicker.swift; sourceTree = "<group>"; };
		8D30B107263E2146002B4C62 /* ProfilePicture.swift */ = {isa = PBXFileReference; lastKnownFileType = sourcecode.swift; path = ProfilePicture.swift; sourceTree = "<group>"; };
		8D30B10F263E232C002B4C62 /* ProfileHeaderView.swift */ = {isa = PBXFileReference; lastKnownFileType = sourcecode.swift; path = ProfileHeaderView.swift; sourceTree = "<group>"; };
		8D3CDD3126583A92000EE754 /* SearchBarView.swift */ = {isa = PBXFileReference; lastKnownFileType = sourcecode.swift; path = SearchBarView.swift; sourceTree = "<group>"; };
		8D5EDFF526520C8300EE7840 /* CreateEventViewModel.graphql */ = {isa = PBXFileReference; lastKnownFileType = text; path = CreateEventViewModel.graphql; sourceTree = "<group>"; };
		8D5EE002265280E100EE7840 /* ProfileViewModel.graphql */ = {isa = PBXFileReference; lastKnownFileType = text; path = ProfileViewModel.graphql; sourceTree = "<group>"; };
		8D5EE0232652D1A400EE7840 /* PickUpListView.swift */ = {isa = PBXFileReference; lastKnownFileType = sourcecode.swift; path = PickUpListView.swift; sourceTree = "<group>"; };
		8D5EE0282652D2CD00EE7840 /* PickUpView.swift */ = {isa = PBXFileReference; lastKnownFileType = sourcecode.swift; path = PickUpView.swift; sourceTree = "<group>"; };
		8D5EE02E2652D58300EE7840 /* CourtsNearMeListView.swift */ = {isa = PBXFileReference; lastKnownFileType = sourcecode.swift; path = CourtsNearMeListView.swift; sourceTree = "<group>"; };
		8D5EE0362652D6AF00EE7840 /* PickUpTabListView.swift */ = {isa = PBXFileReference; lastKnownFileType = sourcecode.swift; path = PickUpTabListView.swift; sourceTree = "<group>"; };
		8D5EE0572652E09300EE7840 /* HomeViewModel.graphql */ = {isa = PBXFileReference; lastKnownFileType = text; path = HomeViewModel.graphql; sourceTree = "<group>"; };
		8D5EE07926531EC200EE7840 /* ProfilePastEventView.swift */ = {isa = PBXFileReference; lastKnownFileType = sourcecode.swift; path = ProfilePastEventView.swift; sourceTree = "<group>"; };
		8D63ED23266F10160022FB79 /* NotificationListViewModel.swift */ = {isa = PBXFileReference; lastKnownFileType = sourcecode.swift; path = NotificationListViewModel.swift; sourceTree = "<group>"; };
		8D63ED29266F17910022FB79 /* NotificationViewModel.swift */ = {isa = PBXFileReference; lastKnownFileType = sourcecode.swift; path = NotificationViewModel.swift; sourceTree = "<group>"; };
		8D63ED3C266FFE090022FB79 /* SetScoresViewModel.swift */ = {isa = PBXFileReference; lastKnownFileType = sourcecode.swift; path = SetScoresViewModel.swift; sourceTree = "<group>"; };
		8D63ED46267000FC0022FB79 /* SetScoreView.swift */ = {isa = PBXFileReference; lastKnownFileType = sourcecode.swift; path = SetScoreView.swift; sourceTree = "<group>"; };
		8D65B2672658C91D0085D5EE /* AppState.swift */ = {isa = PBXFileReference; lastKnownFileType = sourcecode.swift; path = AppState.swift; sourceTree = "<group>"; };
		8D65B26E2658C9F50085D5EE /* AuthService.swift */ = {isa = PBXFileReference; lastKnownFileType = sourcecode.swift; path = AuthService.swift; sourceTree = "<group>"; };
		8D65B2762658CCF30085D5EE /* Services.swift */ = {isa = PBXFileReference; lastKnownFileType = sourcecode.swift; path = Services.swift; sourceTree = "<group>"; };
		8D65B27B2658CD790085D5EE /* StorageService.swift */ = {isa = PBXFileReference; lastKnownFileType = sourcecode.swift; path = StorageService.swift; sourceTree = "<group>"; };
		8D65B2802658CE550085D5EE /* RestService.swift */ = {isa = PBXFileReference; lastKnownFileType = sourcecode.swift; path = RestService.swift; sourceTree = "<group>"; };
		8D65B2852658CEBE0085D5EE /* ProfileViewModel.swift */ = {isa = PBXFileReference; lastKnownFileType = sourcecode.swift; path = ProfileViewModel.swift; sourceTree = "<group>"; };
		8D65B28A2658CF6F0085D5EE /* ProfileSettingsViewModel.swift */ = {isa = PBXFileReference; lastKnownFileType = sourcecode.swift; path = ProfileSettingsViewModel.swift; sourceTree = "<group>"; };
		8D65B2AA265904EA0085D5EE /* CreateEventViewModel.swift */ = {isa = PBXFileReference; lastKnownFileType = sourcecode.swift; path = CreateEventViewModel.swift; sourceTree = "<group>"; };
		8D65B2B2265905400085D5EE /* SignUpViewModel.swift */ = {isa = PBXFileReference; lastKnownFileType = sourcecode.swift; path = SignUpViewModel.swift; sourceTree = "<group>"; };
		8D65B2B7265906290085D5EE /* LoginViewModel.swift */ = {isa = PBXFileReference; lastKnownFileType = sourcecode.swift; path = LoginViewModel.swift; sourceTree = "<group>"; };
		8D65B2D726590F310085D5EE /* HomeViewModel.swift */ = {isa = PBXFileReference; lastKnownFileType = sourcecode.swift; path = HomeViewModel.swift; sourceTree = "<group>"; };
		8D65B2E526592AA00085D5EE /* SearchItemView.swift */ = {isa = PBXFileReference; lastKnownFileType = sourcecode.swift; path = SearchItemView.swift; sourceTree = "<group>"; };
		8D65B2F526592FA70085D5EE /* FindTeammatesViewModel.swift */ = {isa = PBXFileReference; lastKnownFileType = sourcecode.swift; path = FindTeammatesViewModel.swift; sourceTree = "<group>"; };
		8D65B2FA265931900085D5EE /* FindTeammatesViewModel.graphql */ = {isa = PBXFileReference; lastKnownFileType = text; path = FindTeammatesViewModel.graphql; sourceTree = "<group>"; };
		8D65B376265B06900085D5EE /* API.swift */ = {isa = PBXFileReference; lastKnownFileType = sourcecode.swift; path = API.swift; sourceTree = "<group>"; };
		8D69FE8E2676FDC5009D2AFF /* VotedForMvpNotificationView.swift */ = {isa = PBXFileReference; lastKnownFileType = sourcecode.swift; path = VotedForMvpNotificationView.swift; sourceTree = "<group>"; };
		8D69FE9526792CC5009D2AFF /* AuthenticationInterceptor.swift */ = {isa = PBXFileReference; lastKnownFileType = sourcecode.swift; path = AuthenticationInterceptor.swift; sourceTree = "<group>"; };
		8D69FE9B267E5706009D2AFF /* GoogleService-Info.plist */ = {isa = PBXFileReference; fileEncoding = 4; lastKnownFileType = text.plist.xml; path = "GoogleService-Info.plist"; sourceTree = "<group>"; };
		8D69FE9F267E5B9A009D2AFF /* PickUp.entitlements */ = {isa = PBXFileReference; lastKnownFileType = text.plist.entitlements; path = PickUp.entitlements; sourceTree = "<group>"; };
		8D7AC468266C772300672918 /* EventInvitationNotificationView.swift */ = {isa = PBXFileReference; lastKnownFileType = sourcecode.swift; path = EventInvitationNotificationView.swift; sourceTree = "<group>"; };
		8D7AC478266D081B00672918 /* EventSportSelectionView.swift */ = {isa = PBXFileReference; lastKnownFileType = sourcecode.swift; path = EventSportSelectionView.swift; sourceTree = "<group>"; };
		8D7AC47D266D636400672918 /* EventDetailsBoxView.swift */ = {isa = PBXFileReference; lastKnownFileType = sourcecode.swift; path = EventDetailsBoxView.swift; sourceTree = "<group>"; };
		8D7AC488266D73B000672918 /* TeamatePickerView.swift */ = {isa = PBXFileReference; lastKnownFileType = sourcecode.swift; path = TeamatePickerView.swift; sourceTree = "<group>"; };
		8D7AC4A0266DAC4F00672918 /* NotificationView.swift */ = {isa = PBXFileReference; lastKnownFileType = sourcecode.swift; path = NotificationView.swift; sourceTree = "<group>"; };
		8DA9D19F268002AC00513358 /* ProfilePictureViewModel.swift */ = {isa = PBXFileReference; lastKnownFileType = sourcecode.swift; path = ProfilePictureViewModel.swift; sourceTree = "<group>"; };
		8DB8EF8226198976004AADED /* PickUp.app */ = {isa = PBXFileReference; explicitFileType = wrapper.application; includeInIndex = 0; path = PickUp.app; sourceTree = BUILT_PRODUCTS_DIR; };
		8DB8EF8526198976004AADED /* PickUpApp.swift */ = {isa = PBXFileReference; lastKnownFileType = sourcecode.swift; path = PickUpApp.swift; sourceTree = "<group>"; };
		8DB8EF8726198976004AADED /* ContentView.swift */ = {isa = PBXFileReference; lastKnownFileType = sourcecode.swift; path = ContentView.swift; sourceTree = "<group>"; };
		8DB8EF8926198979004AADED /* Assets.xcassets */ = {isa = PBXFileReference; lastKnownFileType = folder.assetcatalog; path = Assets.xcassets; sourceTree = "<group>"; };
		8DB8EF8C26198979004AADED /* Preview Assets.xcassets */ = {isa = PBXFileReference; lastKnownFileType = folder.assetcatalog; path = "Preview Assets.xcassets"; sourceTree = "<group>"; };
		8DB8EF8E26198979004AADED /* Info.plist */ = {isa = PBXFileReference; lastKnownFileType = text.plist.xml; path = Info.plist; sourceTree = "<group>"; };
		8DB8EF9326198979004AADED /* PickUpTests.xctest */ = {isa = PBXFileReference; explicitFileType = wrapper.cfbundle; includeInIndex = 0; path = PickUpTests.xctest; sourceTree = BUILT_PRODUCTS_DIR; };
		8DB8EF9726198979004AADED /* PickUpTests.swift */ = {isa = PBXFileReference; lastKnownFileType = sourcecode.swift; path = PickUpTests.swift; sourceTree = "<group>"; };
		8DB8EF9926198979004AADED /* Info.plist */ = {isa = PBXFileReference; lastKnownFileType = text.plist.xml; path = Info.plist; sourceTree = "<group>"; };
		8DB8EF9E26198979004AADED /* PickUpUITests.xctest */ = {isa = PBXFileReference; explicitFileType = wrapper.cfbundle; includeInIndex = 0; path = PickUpUITests.xctest; sourceTree = BUILT_PRODUCTS_DIR; };
		8DB8EFA226198979004AADED /* PickUpUITests.swift */ = {isa = PBXFileReference; lastKnownFileType = sourcecode.swift; path = PickUpUITests.swift; sourceTree = "<group>"; };
		8DB8EFA426198979004AADED /* Info.plist */ = {isa = PBXFileReference; lastKnownFileType = text.plist.xml; path = Info.plist; sourceTree = "<group>"; };
		8DB8EFF6261A74F7004AADED /* AuthFirebaseDataSourceTest.swift */ = {isa = PBXFileReference; lastKnownFileType = sourcecode.swift; path = AuthFirebaseDataSourceTest.swift; sourceTree = "<group>"; };
		8DB8F057261AAE90004AADED /* PickUpAppDelegate.swift */ = {isa = PBXFileReference; lastKnownFileType = sourcecode.swift; path = PickUpAppDelegate.swift; sourceTree = "<group>"; };
		8DD29A442664807E005DFCB2 /* schema.json */ = {isa = PBXFileReference; lastKnownFileType = text.json; path = schema.json; sourceTree = "<group>"; };
		8DD29A4926684FEC005DFCB2 /* UserDetails.graphql */ = {isa = PBXFileReference; lastKnownFileType = text; path = UserDetails.graphql; sourceTree = "<group>"; };
		8DD29A4E26685007005DFCB2 /* EventDetails.graphql */ = {isa = PBXFileReference; lastKnownFileType = text; path = EventDetails.graphql; sourceTree = "<group>"; };
		8DE5216C2663FC760077AF09 /* FriendRequestResponseNotificationView.swift */ = {isa = PBXFileReference; lastKnownFileType = sourcecode.swift; path = FriendRequestResponseNotificationView.swift; sourceTree = "<group>"; };
		8DE52178266427FC0077AF09 /* FriendsListView.swift */ = {isa = PBXFileReference; lastKnownFileType = sourcecode.swift; path = FriendsListView.swift; sourceTree = "<group>"; };
		8DE52180266428130077AF09 /* FriendItemView.swift */ = {isa = PBXFileReference; lastKnownFileType = sourcecode.swift; path = FriendItemView.swift; sourceTree = "<group>"; };
		8DE52185266428320077AF09 /* FriendsListViewModel.swift */ = {isa = PBXFileReference; lastKnownFileType = sourcecode.swift; path = FriendsListViewModel.swift; sourceTree = "<group>"; };
		8DE5218A266428980077AF09 /* FriendsListViewModel.graphql */ = {isa = PBXFileReference; lastKnownFileType = text; path = FriendsListViewModel.graphql; sourceTree = "<group>"; };
		8DFAD530261EBA910055BA76 /* LoginView.swift */ = {isa = PBXFileReference; fileEncoding = 4; lastKnownFileType = sourcecode.swift; path = LoginView.swift; sourceTree = "<group>"; };
		8DFB9987264E2C9F00254C57 /* EventDatePickerView.swift */ = {isa = PBXFileReference; lastKnownFileType = sourcecode.swift; path = EventDatePickerView.swift; sourceTree = "<group>"; };
		8DFB998C264E342800254C57 /* EventLocationPickerView.swift */ = {isa = PBXFileReference; lastKnownFileType = sourcecode.swift; path = EventLocationPickerView.swift; sourceTree = "<group>"; };
		8DFB99A6264ECBE400254C57 /* CreateSportEventView.swift */ = {isa = PBXFileReference; lastKnownFileType = sourcecode.swift; path = CreateSportEventView.swift; sourceTree = "<group>"; };
		8DFB9A522650A73000254C57 /* SignUpViewModel.graphql */ = {isa = PBXFileReference; lastKnownFileType = text; path = SignUpViewModel.graphql; sourceTree = "<group>"; };
		8DFB9A682650AF0A00254C57 /* ProfileSettingsViewModel.graphql */ = {isa = PBXFileReference; lastKnownFileType = text; path = ProfileSettingsViewModel.graphql; sourceTree = "<group>"; };
		8DFCF503262788A000BBFE66 /* MainView.swift */ = {isa = PBXFileReference; fileEncoding = 4; lastKnownFileType = sourcecode.swift; path = MainView.swift; sourceTree = "<group>"; };
		8DFCF50D262788AF00BBFE66 /* FindTeammatesView.swift */ = {isa = PBXFileReference; fileEncoding = 4; lastKnownFileType = sourcecode.swift; path = FindTeammatesView.swift; sourceTree = "<group>"; };
		8DFCF517262788BD00BBFE66 /* MapView.swift */ = {isa = PBXFileReference; fileEncoding = 4; lastKnownFileType = sourcecode.swift; path = MapView.swift; sourceTree = "<group>"; };
		8DFCF521262788D000BBFE66 /* CreateEventView.swift */ = {isa = PBXFileReference; fileEncoding = 4; lastKnownFileType = sourcecode.swift; path = CreateEventView.swift; sourceTree = "<group>"; };
		8DFCF52B262788E100BBFE66 /* HomeView.swift */ = {isa = PBXFileReference; fileEncoding = 4; lastKnownFileType = sourcecode.swift; path = HomeView.swift; sourceTree = "<group>"; };
		ABFBFDCD71D8610550461951 /* Pods-PickUp-PickUpUITests.release.xcconfig */ = {isa = PBXFileReference; includeInIndex = 1; lastKnownFileType = text.xcconfig; name = "Pods-PickUp-PickUpUITests.release.xcconfig"; path = "Target Support Files/Pods-PickUp-PickUpUITests/Pods-PickUp-PickUpUITests.release.xcconfig"; sourceTree = "<group>"; };
		C015111F265A09FB005EF24A /* CreatePostView.swift */ = {isa = PBXFileReference; lastKnownFileType = sourcecode.swift; path = CreatePostView.swift; sourceTree = "<group>"; };
		C0151121265A2612005EF24A /* PostNotificationView.swift */ = {isa = PBXFileReference; lastKnownFileType = sourcecode.swift; path = PostNotificationView.swift; sourceTree = "<group>"; };
		C0151124265A2DF6005EF24A /* MessageView.swift */ = {isa = PBXFileReference; lastKnownFileType = sourcecode.swift; path = MessageView.swift; sourceTree = "<group>"; };
		C0151126265A36B8005EF24A /* ChatView.swift */ = {isa = PBXFileReference; lastKnownFileType = sourcecode.swift; path = ChatView.swift; sourceTree = "<group>"; };
		C04BFC1B267E6643006DE620 /* LoadingView.swift */ = {isa = PBXFileReference; lastKnownFileType = sourcecode.swift; path = LoadingView.swift; sourceTree = "<group>"; };
		C04BFC1F26811276006DE620 /* PopUpList.swift */ = {isa = PBXFileReference; lastKnownFileType = sourcecode.swift; path = PopUpList.swift; sourceTree = "<group>"; };
		C055C3C92673074200FF40AA /* EditPickupViewModel.swift */ = {isa = PBXFileReference; lastKnownFileType = sourcecode.swift; path = EditPickupViewModel.swift; sourceTree = "<group>"; };
		C06A97D226790DF2004966F0 /* PopOverView.swift */ = {isa = PBXFileReference; fileEncoding = 4; lastKnownFileType = sourcecode.swift; path = PopOverView.swift; sourceTree = "<group>"; };
		C088BBA6265780CB007301F7 /* MapViewModel.swift */ = {isa = PBXFileReference; lastKnownFileType = sourcecode.swift; path = MapViewModel.swift; sourceTree = "<group>"; };
		C088BBA8265785BE007301F7 /* MapMainView.swift */ = {isa = PBXFileReference; lastKnownFileType = sourcecode.swift; path = MapMainView.swift; sourceTree = "<group>"; };
		C088BBAB26579A79007301F7 /* Place.swift */ = {isa = PBXFileReference; lastKnownFileType = sourcecode.swift; path = Place.swift; sourceTree = "<group>"; };
		C088BBAD2657ABE2007301F7 /* MapSideMenuView.swift */ = {isa = PBXFileReference; lastKnownFileType = sourcecode.swift; path = MapSideMenuView.swift; sourceTree = "<group>"; };
		C088BBAF26582B4B007301F7 /* SocialViewScrollView.swift */ = {isa = PBXFileReference; lastKnownFileType = sourcecode.swift; path = SocialViewScrollView.swift; sourceTree = "<group>"; };
		C09773112660412D0045B978 /* CourtsNearMeScrollView.swift */ = {isa = PBXFileReference; lastKnownFileType = sourcecode.swift; path = CourtsNearMeScrollView.swift; sourceTree = "<group>"; };
		C0977313266041900045B978 /* PickUpNearMeScrollView.swift */ = {isa = PBXFileReference; lastKnownFileType = sourcecode.swift; path = PickUpNearMeScrollView.swift; sourceTree = "<group>"; };
		C0B63B35267041F4008237EE /* BusynessView.swift */ = {isa = PBXFileReference; lastKnownFileType = sourcecode.swift; path = BusynessView.swift; sourceTree = "<group>"; };
		C0B63B37267059A4008237EE /* CourtsNearMeFullView.swift */ = {isa = PBXFileReference; lastKnownFileType = sourcecode.swift; path = CourtsNearMeFullView.swift; sourceTree = "<group>"; };
		C0B81C6D2657064B000555BD /* NotificationListView.swift */ = {isa = PBXFileReference; lastKnownFileType = sourcecode.swift; path = NotificationListView.swift; sourceTree = "<group>"; };
		C0D4716B264098BF00E7B6C7 /* CreateEventView.xib */ = {isa = PBXFileReference; lastKnownFileType = file.xib; path = CreateEventView.xib; sourceTree = "<group>"; };
		D568A6AA78CFA5C7D7ABDE5C /* Pods-PickUp.debug.xcconfig */ = {isa = PBXFileReference; includeInIndex = 1; lastKnownFileType = text.xcconfig; name = "Pods-PickUp.debug.xcconfig"; path = "Target Support Files/Pods-PickUp/Pods-PickUp.debug.xcconfig"; sourceTree = "<group>"; };
		D9C81D62DA742F61743A615A /* Pods-PickUp.release.xcconfig */ = {isa = PBXFileReference; includeInIndex = 1; lastKnownFileType = text.xcconfig; name = "Pods-PickUp.release.xcconfig"; path = "Target Support Files/Pods-PickUp/Pods-PickUp.release.xcconfig"; sourceTree = "<group>"; };
		DD2FF25FDE8AC48FA9AC6775 /* Pods_PickUpTests.framework */ = {isa = PBXFileReference; explicitFileType = wrapper.framework; includeInIndex = 0; path = Pods_PickUpTests.framework; sourceTree = BUILT_PRODUCTS_DIR; };
		E0E894F9584738F31FCC29B2 /* Pods_PickUp_PickUpUITests.framework */ = {isa = PBXFileReference; explicitFileType = wrapper.framework; includeInIndex = 0; path = Pods_PickUp_PickUpUITests.framework; sourceTree = BUILT_PRODUCTS_DIR; };
		FE5BA8CA4F7F27A8F1738504 /* Pods-PickUpTests.debug.xcconfig */ = {isa = PBXFileReference; includeInIndex = 1; lastKnownFileType = text.xcconfig; name = "Pods-PickUpTests.debug.xcconfig"; path = "Target Support Files/Pods-PickUpTests/Pods-PickUpTests.debug.xcconfig"; sourceTree = "<group>"; };
/* End PBXFileReference section */

/* Begin PBXFrameworksBuildPhase section */
		8DB8EF7F26198976004AADED /* Frameworks */ = {
			isa = PBXFrameworksBuildPhase;
			buildActionMask = 2147483647;
			files = (
				1F30A886AE165751D712C11B /* Pods_PickUp.framework in Frameworks */,
			);
			runOnlyForDeploymentPostprocessing = 0;
		};
		8DB8EF9026198979004AADED /* Frameworks */ = {
			isa = PBXFrameworksBuildPhase;
			buildActionMask = 2147483647;
			files = (
				C3A53BC40D77F97812A0D38D /* Pods_PickUpTests.framework in Frameworks */,
			);
			runOnlyForDeploymentPostprocessing = 0;
		};
		8DB8EF9B26198979004AADED /* Frameworks */ = {
			isa = PBXFrameworksBuildPhase;
			buildActionMask = 2147483647;
			files = (
				A522AC06EBEAAA763B5BF6AE /* (null) in Frameworks */,
				9499867C769D5AB3003A2BD4 /* Pods_PickUp_PickUpUITests.framework in Frameworks */,
			);
			runOnlyForDeploymentPostprocessing = 0;
		};
/* End PBXFrameworksBuildPhase section */

/* Begin PBXGroup section */
		1A2E5BE8265CA9C8006A803A /* FinishPickupViews */ = {
			isa = PBXGroup;
			children = (
				1A2E5BE9265CA9E5006A803A /* InputScoreView.swift */,
				1A2E5BEB265CB784006A803A /* FinishPickupView.swift */,
				8D7AC488266D73B000672918 /* TeamatePickerView.swift */,
				8D63ED3C266FFE090022FB79 /* SetScoresViewModel.swift */,
				8D63ED46267000FC0022FB79 /* SetScoreView.swift */,
			);
			path = FinishPickupViews;
			sourceTree = "<group>";
		};
		245CC24D0CB1FE80EFCDD25E /* Frameworks */ = {
			isa = PBXGroup;
			children = (
				DD2FF25FDE8AC48FA9AC6775 /* Pods_PickUpTests.framework */,
				49D2DCFAB236044BB62AF4D7 /* Pods_PickUp.framework */,
				E0E894F9584738F31FCC29B2 /* Pods_PickUp_PickUpUITests.framework */,
			);
			name = Frameworks;
			sourceTree = "<group>";
		};
		7964EE3F360AB642305B8B19 /* Pods */ = {
			isa = PBXGroup;
			children = (
				D9C81D62DA742F61743A615A /* Pods-PickUp.release.xcconfig */,
				ABFBFDCD71D8610550461951 /* Pods-PickUp-PickUpUITests.release.xcconfig */,
				FE5BA8CA4F7F27A8F1738504 /* Pods-PickUpTests.debug.xcconfig */,
				D568A6AA78CFA5C7D7ABDE5C /* Pods-PickUp.debug.xcconfig */,
				3D2413990659958D11A4B251 /* Pods-PickUp-PickUpUITests.debug.xcconfig */,
				6403E9CD6469737F34F86843 /* Pods-PickUpTests.release.xcconfig */,
			);
			path = Pods;
			sourceTree = "<group>";
		};
		8D63ED28266F17580022FB79 /* viewmodels */ = {
			isa = PBXGroup;
			children = (
				8D63ED23266F10160022FB79 /* NotificationListViewModel.swift */,
				8D63ED29266F17910022FB79 /* NotificationViewModel.swift */,
			);
			path = viewmodels;
			sourceTree = "<group>";
		};
		8D65B2542658C4340085D5EE /* views */ = {
			isa = PBXGroup;
			children = (
				C0B63B34267041CD008237EE /* Busyness */,
				8DE52177266427EA0077AF09 /* friends */,
				C0151123265A2DE0005EF24A /* message */,
				8D65B25F2658C81A0085D5EE /* search */,
				8D65B25D2658C4760085D5EE /* auth */,
				8D65B25A2658C4620085D5EE /* root */,
				8D65B2592658C44F0085D5EE /* map */,
				8D65B2582658C44A0085D5EE /* event */,
				8D65B2572658C4450085D5EE /* profile */,
				8D65B2562658C4400085D5EE /* home */,
				8D65B2552658C43A0085D5EE /* notifications */,
			);
			path = views;
			sourceTree = "<group>";
		};
		8D65B2552658C43A0085D5EE /* notifications */ = {
			isa = PBXGroup;
			children = (
				8D63ED28266F17580022FB79 /* viewmodels */,
				8DE5216B2663FC4B0077AF09 /* components */,
				1A2E5BE8265CA9C8006A803A /* FinishPickupViews */,
				C0B81C6D2657064B000555BD /* NotificationListView.swift */,
				1A2E5BDE2658637F006A803A /* EditedPickupNotificationView.swift */,
				1A2E5BE2265865EA006A803A /* ConfirmationNotificationView.swift */,
				C0151121265A2612005EF24A /* PostNotificationView.swift */,
				8D7AC4A0266DAC4F00672918 /* NotificationView.swift */,
			);
			path = notifications;
			sourceTree = "<group>";
		};
		8D65B2562658C4400085D5EE /* home */ = {
			isa = PBXGroup;
			children = (
				8D65B25E2658C7450085D5EE /* components */,
				8DFCF52B262788E100BBFE66 /* HomeView.swift */,
				8D65B2D726590F310085D5EE /* HomeViewModel.swift */,
			);
			path = home;
			sourceTree = "<group>";
		};
		8D65B2572658C4450085D5EE /* profile */ = {
			isa = PBXGroup;
			children = (
				8D2094A0263C6F43009B1609 /* ProfileSettingsView.swift */,
				8D09E70A2623E16E0007B871 /* ProfileView.swift */,
				8D65B25B2658C46A0085D5EE /* components */,
				8D65B2852658CEBE0085D5EE /* ProfileViewModel.swift */,
				8D65B28A2658CF6F0085D5EE /* ProfileSettingsViewModel.swift */,
			);
			path = profile;
			sourceTree = "<group>";
		};
		8D65B2582658C44A0085D5EE /* event */ = {
			isa = PBXGroup;
			children = (
				8DFCF521262788D000BBFE66 /* CreateEventView.swift */,
				8DFB99A6264ECBE400254C57 /* CreateSportEventView.swift */,
				C0D4716B264098BF00E7B6C7 /* CreateEventView.xib */,
				8D65B25C2658C4700085D5EE /* components */,
				8D65B2AA265904EA0085D5EE /* CreateEventViewModel.swift */,
				8D7AC478266D081B00672918 /* EventSportSelectionView.swift */,
			);
			path = event;
			sourceTree = "<group>";
		};
		8D65B2592658C44F0085D5EE /* map */ = {
			isa = PBXGroup;
			children = (
				8DFCF517262788BD00BBFE66 /* MapView.swift */,
				C088BBA8265785BE007301F7 /* MapMainView.swift */,
				C088BBAD2657ABE2007301F7 /* MapSideMenuView.swift */,
				C088BBAB26579A79007301F7 /* Place.swift */,
				C088BBA6265780CB007301F7 /* MapViewModel.swift */,
			);
			path = map;
			sourceTree = "<group>";
		};
		8D65B25A2658C4620085D5EE /* root */ = {
			isa = PBXGroup;
			children = (
				8DB8EF8726198976004AADED /* ContentView.swift */,
				8DFCF503262788A000BBFE66 /* MainView.swift */,
				8D65B2672658C91D0085D5EE /* AppState.swift */,
				8D7AC47D266D636400672918 /* EventDetailsBoxView.swift */,
				C04BFC1B267E6643006DE620 /* LoadingView.swift */,
				C04BFC1F26811276006DE620 /* PopUpList.swift */,
			);
			path = root;
			sourceTree = "<group>";
		};
		8D65B25B2658C46A0085D5EE /* components */ = {
			isa = PBXGroup;
			children = (
				8D2B0C4F263819060032AE67 /* ImagePicker.swift */,
				8D5EE07926531EC200EE7840 /* ProfilePastEventView.swift */,
				1A03F99E263F482F00C2E2CD /* UpcomingPickupsView.swift */,
				1A03F99C263F473000C2E2CD /* PastPickupView.swift */,
				8D30B10F263E232C002B4C62 /* ProfileHeaderView.swift */,
				1A2E5BED265CBE38006A803A /* PastScoresView.swift */,
				C06A97D226790DF2004966F0 /* PopOverView.swift */,
				8D30B107263E2146002B4C62 /* ProfilePicture.swift */,
				8DA9D19F268002AC00513358 /* ProfilePictureViewModel.swift */,
			);
			path = components;
			sourceTree = "<group>";
		};
		8D65B25C2658C4700085D5EE /* components */ = {
			isa = PBXGroup;
			children = (
				1AB25B672668CAE500314C53 /* EditPickupView.swift */,
				8DFB9987264E2C9F00254C57 /* EventDatePickerView.swift */,
				8DFB998C264E342800254C57 /* EventLocationPickerView.swift */,
				1AB44EDA26439DB300568ECB /* TypingBlockView.swift */,
				C055C3C92673074200FF40AA /* EditPickupViewModel.swift */,
			);
			path = components;
			sourceTree = "<group>";
		};
		8D65B25D2658C4760085D5EE /* auth */ = {
			isa = PBXGroup;
			children = (
				8D2A3EF2261EC3E100521A6A /* SignUpView.swift */,
				8DFAD530261EBA910055BA76 /* LoginView.swift */,
				8D65B2B2265905400085D5EE /* SignUpViewModel.swift */,
				8D65B2B7265906290085D5EE /* LoginViewModel.swift */,
			);
			path = auth;
			sourceTree = "<group>";
		};
		8D65B25E2658C7450085D5EE /* components */ = {
			isa = PBXGroup;
			children = (
				C0977310266034A80045B978 /* PickupsNearBy */,
				C097730F266034670045B978 /* CourtsNearBy */,
				C097730E2660344F0045B978 /* Social */,
			);
			path = components;
			sourceTree = "<group>";
		};
		8D65B25F2658C81A0085D5EE /* search */ = {
			isa = PBXGroup;
			children = (
				8DFCF50D262788AF00BBFE66 /* FindTeammatesView.swift */,
				8D65B2602658C8200085D5EE /* components */,
				8D65B2F526592FA70085D5EE /* FindTeammatesViewModel.swift */,
			);
			path = search;
			sourceTree = "<group>";
		};
		8D65B2602658C8200085D5EE /* components */ = {
			isa = PBXGroup;
			children = (
				8D3CDD3126583A92000EE754 /* SearchBarView.swift */,
				8D65B2E526592AA00085D5EE /* SearchItemView.swift */,
			);
			path = components;
			sourceTree = "<group>";
		};
		8D65B26D2658C9600085D5EE /* services */ = {
			isa = PBXGroup;
			children = (
				8D69FE9426792CB3009D2AFF /* interceptors */,
				8D65B26E2658C9F50085D5EE /* AuthService.swift */,
				8D65B2762658CCF30085D5EE /* Services.swift */,
				8D65B27B2658CD790085D5EE /* StorageService.swift */,
				8D65B2802658CE550085D5EE /* RestService.swift */,
			);
			path = services;
			sourceTree = "<group>";
		};
		8D65B29B2658DD760085D5EE /* resources */ = {
			isa = PBXGroup;
			children = (
				8D65B29C2658DD7D0085D5EE /* graphql */,
			);
			path = resources;
			sourceTree = "<group>";
		};
		8D65B29C2658DD7D0085D5EE /* graphql */ = {
			isa = PBXGroup;
			children = (
				8DD29A4826684FD6005DFCB2 /* fragments */,
				8DFB9A522650A73000254C57 /* SignUpViewModel.graphql */,
				8DFB9A682650AF0A00254C57 /* ProfileSettingsViewModel.graphql */,
				8D5EDFF526520C8300EE7840 /* CreateEventViewModel.graphql */,
				8D5EE0572652E09300EE7840 /* HomeViewModel.graphql */,
				8D5EE002265280E100EE7840 /* ProfileViewModel.graphql */,
				8D65B2FA265931900085D5EE /* FindTeammatesViewModel.graphql */,
				8DE5218A266428980077AF09 /* FriendsListViewModel.graphql */,
				8D0FD6A32674616D006C84D3 /* NotificationViewModel.graphql */,
			);
			path = graphql;
			sourceTree = "<group>";
		};
		8D69FE9426792CB3009D2AFF /* interceptors */ = {
			isa = PBXGroup;
			children = (
				8D69FE9526792CC5009D2AFF /* AuthenticationInterceptor.swift */,
			);
			path = interceptors;
			sourceTree = "<group>";
		};
		8DB8EF7926198976004AADED = {
			isa = PBXGroup;
			children = (
				8DB8EF8426198976004AADED /* PickUp */,
				8DB8EF9626198979004AADED /* PickUpTests */,
				8DB8EFA126198979004AADED /* PickUpUITests */,
				8DB8EF8326198976004AADED /* Products */,
				7964EE3F360AB642305B8B19 /* Pods */,
				245CC24D0CB1FE80EFCDD25E /* Frameworks */,
			);
			sourceTree = "<group>";
		};
		8DB8EF8326198976004AADED /* Products */ = {
			isa = PBXGroup;
			children = (
				8DB8EF8226198976004AADED /* PickUp.app */,
				8DB8EF9326198979004AADED /* PickUpTests.xctest */,
				8DB8EF9E26198979004AADED /* PickUpUITests.xctest */,
			);
			name = Products;
			sourceTree = "<group>";
		};
		8DB8EF8426198976004AADED /* PickUp */ = {
			isa = PBXGroup;
			children = (
				8D69FE9F267E5B9A009D2AFF /* PickUp.entitlements */,
				8D69FE9B267E5706009D2AFF /* GoogleService-Info.plist */,
				8D65B29B2658DD760085D5EE /* resources */,
				8D65B26D2658C9600085D5EE /* services */,
				8D65B2542658C4340085D5EE /* views */,
				8DB8F057261AAE90004AADED /* PickUpAppDelegate.swift */,
				8DB8EF8526198976004AADED /* PickUpApp.swift */,
				8DB8EF8926198979004AADED /* Assets.xcassets */,
				8DB8EF8E26198979004AADED /* Info.plist */,
				8DB8EF8B26198979004AADED /* Preview Content */,
				8D65B376265B06900085D5EE /* API.swift */,
				8DD29A442664807E005DFCB2 /* schema.json */,
			);
			path = PickUp;
			sourceTree = "<group>";
		};
		8DB8EF8B26198979004AADED /* Preview Content */ = {
			isa = PBXGroup;
			children = (
				8DB8EF8C26198979004AADED /* Preview Assets.xcassets */,
			);
			path = "Preview Content";
			sourceTree = "<group>";
		};
		8DB8EF9626198979004AADED /* PickUpTests */ = {
			isa = PBXGroup;
			children = (
				8DB8EFF6261A74F7004AADED /* AuthFirebaseDataSourceTest.swift */,
				8DB8EF9726198979004AADED /* PickUpTests.swift */,
				8DB8EF9926198979004AADED /* Info.plist */,
			);
			path = PickUpTests;
			sourceTree = "<group>";
		};
		8DB8EFA126198979004AADED /* PickUpUITests */ = {
			isa = PBXGroup;
			children = (
				8DB8EFA226198979004AADED /* PickUpUITests.swift */,
				8DB8EFA426198979004AADED /* Info.plist */,
			);
			path = PickUpUITests;
			sourceTree = "<group>";
		};
		8DD29A4826684FD6005DFCB2 /* fragments */ = {
			isa = PBXGroup;
			children = (
				8DD29A4926684FEC005DFCB2 /* UserDetails.graphql */,
				8DD29A4E26685007005DFCB2 /* EventDetails.graphql */,
			);
			path = fragments;
			sourceTree = "<group>";
		};
		8DE5216B2663FC4B0077AF09 /* components */ = {
			isa = PBXGroup;
			children = (
				1A2E5BE426586698006A803A /* FinishPickupNotificationView.swift */,
				1A2E5BE026586455006A803A /* FriendRequestNotificationView.swift */,
				8DE5216C2663FC760077AF09 /* FriendRequestResponseNotificationView.swift */,
				8D7AC468266C772300672918 /* EventInvitationNotificationView.swift */,
				8D69FE8E2676FDC5009D2AFF /* VotedForMvpNotificationView.swift */,
			);
			path = components;
			sourceTree = "<group>";
		};
		8DE52177266427EA0077AF09 /* friends */ = {
			isa = PBXGroup;
			children = (
				8DE52178266427FC0077AF09 /* FriendsListView.swift */,
				8DE52180266428130077AF09 /* FriendItemView.swift */,
				8DE52185266428320077AF09 /* FriendsListViewModel.swift */,
			);
			path = friends;
			sourceTree = "<group>";
		};
		C0151123265A2DE0005EF24A /* message */ = {
			isa = PBXGroup;
			children = (
				C0151124265A2DF6005EF24A /* MessageView.swift */,
				C0151126265A36B8005EF24A /* ChatView.swift */,
			);
			path = message;
			sourceTree = "<group>";
		};
		C097730E2660344F0045B978 /* Social */ = {
			isa = PBXGroup;
			children = (
				1ADE7E33264C48060097138F /* SocialView.swift */,
				C088BBAF26582B4B007301F7 /* SocialViewScrollView.swift */,
				C015111F265A09FB005EF24A /* CreatePostView.swift */,
				1A49DC0C265466BD007F28FD /* PostedPickUpsView.swift */,
			);
			path = Social;
			sourceTree = "<group>";
		};
		C097730F266034670045B978 /* CourtsNearBy */ = {
			isa = PBXGroup;
			children = (
				1ADE7E35264C50E90097138F /* CourtsNearMeView.swift */,
				8D5EE02E2652D58300EE7840 /* CourtsNearMeListView.swift */,
				C09773112660412D0045B978 /* CourtsNearMeScrollView.swift */,
				C0B63B37267059A4008237EE /* CourtsNearMeFullView.swift */,
			);
			path = CourtsNearBy;
			sourceTree = "<group>";
		};
		C0977310266034A80045B978 /* PickupsNearBy */ = {
			isa = PBXGroup;
			children = (
				8D5EE0232652D1A400EE7840 /* PickUpListView.swift */,
				8D5EE0282652D2CD00EE7840 /* PickUpView.swift */,
				8D5EE0362652D6AF00EE7840 /* PickUpTabListView.swift */,
				C0977313266041900045B978 /* PickUpNearMeScrollView.swift */,
			);
			path = PickupsNearBy;
			sourceTree = "<group>";
		};
		C0B63B34267041CD008237EE /* Busyness */ = {
			isa = PBXGroup;
			children = (
				C0B63B35267041F4008237EE /* BusynessView.swift */,
			);
			path = Busyness;
			sourceTree = "<group>";
		};
/* End PBXGroup section */

/* Begin PBXNativeTarget section */
		8DB8EF8126198976004AADED /* PickUp */ = {
			isa = PBXNativeTarget;
			buildConfigurationList = 8DB8EFA726198979004AADED /* Build configuration list for PBXNativeTarget "PickUp" */;
			buildPhases = (
				7F950FCCE08E3A888A5C5035 /* [CP] Check Pods Manifest.lock */,
				8D65B349265AF9B50085D5EE /* Apollo Schema Download */,
				8DFB9A2126509AB600254C57 /* Apollo CLI */,
				8DB8EF7E26198976004AADED /* Sources */,
				8DB8EF7F26198976004AADED /* Frameworks */,
				8DB8EF8026198976004AADED /* Resources */,
				EA4B581B1EE8AC51FFE7FC37 /* [CP] Embed Pods Frameworks */,
				8D65B36C265B00980085D5EE /* CopyFiles */,
			);
			buildRules = (
			);
			dependencies = (
			);
			name = PickUp;
			productName = PickUp;
			productReference = 8DB8EF8226198976004AADED /* PickUp.app */;
			productType = "com.apple.product-type.application";
		};
		8DB8EF9226198979004AADED /* PickUpTests */ = {
			isa = PBXNativeTarget;
			buildConfigurationList = 8DB8EFAA26198979004AADED /* Build configuration list for PBXNativeTarget "PickUpTests" */;
			buildPhases = (
				FCCAC1E2EF931B5B140ACE84 /* [CP] Check Pods Manifest.lock */,
				8DB8EF8F26198979004AADED /* Sources */,
				8DB8EF9026198979004AADED /* Frameworks */,
				8DB8EF9126198979004AADED /* Resources */,
			);
			buildRules = (
			);
			dependencies = (
				8DB8EF9526198979004AADED /* PBXTargetDependency */,
			);
			name = PickUpTests;
			productName = PickUpTests;
			productReference = 8DB8EF9326198979004AADED /* PickUpTests.xctest */;
			productType = "com.apple.product-type.bundle.unit-test";
		};
		8DB8EF9D26198979004AADED /* PickUpUITests */ = {
			isa = PBXNativeTarget;
			buildConfigurationList = 8DB8EFAD26198979004AADED /* Build configuration list for PBXNativeTarget "PickUpUITests" */;
			buildPhases = (
				0148CC412C499DCBC52A8AB6 /* [CP] Check Pods Manifest.lock */,
				8DB8EF9A26198979004AADED /* Sources */,
				8DB8EF9B26198979004AADED /* Frameworks */,
				8DB8EF9C26198979004AADED /* Resources */,
				05CB8B17597232414CA2C8E0 /* [CP] Embed Pods Frameworks */,
			);
			buildRules = (
			);
			dependencies = (
				8DB8EFA026198979004AADED /* PBXTargetDependency */,
			);
			name = PickUpUITests;
			productName = PickUpUITests;
			productReference = 8DB8EF9E26198979004AADED /* PickUpUITests.xctest */;
			productType = "com.apple.product-type.bundle.ui-testing";
		};
/* End PBXNativeTarget section */

/* Begin PBXProject section */
		8DB8EF7A26198976004AADED /* Project object */ = {
			isa = PBXProject;
			attributes = {
				LastSwiftUpdateCheck = 1240;
				LastUpgradeCheck = 1240;
				TargetAttributes = {
					8DB8EF8126198976004AADED = {
						CreatedOnToolsVersion = 12.4;
					};
					8DB8EF9226198979004AADED = {
						CreatedOnToolsVersion = 12.4;
						TestTargetID = 8DB8EF8126198976004AADED;
					};
					8DB8EF9D26198979004AADED = {
						CreatedOnToolsVersion = 12.4;
						TestTargetID = 8DB8EF8126198976004AADED;
					};
				};
			};
			buildConfigurationList = 8DB8EF7D26198976004AADED /* Build configuration list for PBXProject "PickUp" */;
			compatibilityVersion = "Xcode 9.3";
			developmentRegion = en;
			hasScannedForEncodings = 0;
			knownRegions = (
				en,
				Base,
			);
			mainGroup = 8DB8EF7926198976004AADED;
			productRefGroup = 8DB8EF8326198976004AADED /* Products */;
			projectDirPath = "";
			projectRoot = "";
			targets = (
				8DB8EF8126198976004AADED /* PickUp */,
				8DB8EF9226198979004AADED /* PickUpTests */,
				8DB8EF9D26198979004AADED /* PickUpUITests */,
			);
		};
/* End PBXProject section */

/* Begin PBXResourcesBuildPhase section */
		8DB8EF8026198976004AADED /* Resources */ = {
			isa = PBXResourcesBuildPhase;
			buildActionMask = 2147483647;
			files = (
				8DB8EF8D26198979004AADED /* Preview Assets.xcassets in Resources */,
				8D65B2A32658E04E0085D5EE /* ProfileSettingsViewModel.graphql in Resources */,
				8DB8EF8A26198979004AADED /* Assets.xcassets in Resources */,
				8D65B2FB265931900085D5EE /* FindTeammatesViewModel.graphql in Resources */,
				8D65B2A52658E04E0085D5EE /* CreateEventViewModel.graphql in Resources */,
				8D0FD6A42674616D006C84D3 /* NotificationViewModel.graphql in Resources */,
				8DE5218B266428980077AF09 /* FriendsListViewModel.graphql in Resources */,
				C0D4716C264098BF00E7B6C7 /* CreateEventView.xib in Resources */,
				8D65B2A62658E04E0085D5EE /* HomeViewModel.graphql in Resources */,
				8DD29A4A26684FEC005DFCB2 /* UserDetails.graphql in Resources */,
				8D65B2972658DCF40085D5EE /* ProfileViewModel.graphql in Resources */,
				8DD29A4F26685007005DFCB2 /* EventDetails.graphql in Resources */,
				8DFB9A532650A73000254C57 /* SignUpViewModel.graphql in Resources */,
				8D69FE9C267E5707009D2AFF /* GoogleService-Info.plist in Resources */,
			);
			runOnlyForDeploymentPostprocessing = 0;
		};
		8DB8EF9126198979004AADED /* Resources */ = {
			isa = PBXResourcesBuildPhase;
			buildActionMask = 2147483647;
			files = (
				8D69FE9D267E579C009D2AFF /* GoogleService-Info.plist in Resources */,
			);
			runOnlyForDeploymentPostprocessing = 0;
		};
		8DB8EF9C26198979004AADED /* Resources */ = {
			isa = PBXResourcesBuildPhase;
			buildActionMask = 2147483647;
			files = (
				8D69FE9E267E579C009D2AFF /* GoogleService-Info.plist in Resources */,
			);
			runOnlyForDeploymentPostprocessing = 0;
		};
/* End PBXResourcesBuildPhase section */

/* Begin PBXShellScriptBuildPhase section */
		0148CC412C499DCBC52A8AB6 /* [CP] Check Pods Manifest.lock */ = {
			isa = PBXShellScriptBuildPhase;
			buildActionMask = 2147483647;
			files = (
			);
			inputFileListPaths = (
			);
			inputPaths = (
				"${PODS_PODFILE_DIR_PATH}/Podfile.lock",
				"${PODS_ROOT}/Manifest.lock",
			);
			name = "[CP] Check Pods Manifest.lock";
			outputFileListPaths = (
			);
			outputPaths = (
				"$(DERIVED_FILE_DIR)/Pods-PickUp-PickUpUITests-checkManifestLockResult.txt",
			);
			runOnlyForDeploymentPostprocessing = 0;
			shellPath = /bin/sh;
			shellScript = "diff \"${PODS_PODFILE_DIR_PATH}/Podfile.lock\" \"${PODS_ROOT}/Manifest.lock\" > /dev/null\nif [ $? != 0 ] ; then\n    # print error to STDERR\n    echo \"error: The sandbox is not in sync with the Podfile.lock. Run 'pod install' or update your CocoaPods installation.\" >&2\n    exit 1\nfi\n# This output is used by Xcode 'outputs' to avoid re-running this script phase.\necho \"SUCCESS\" > \"${SCRIPT_OUTPUT_FILE_0}\"\n";
			showEnvVarsInLog = 0;
		};
		05CB8B17597232414CA2C8E0 /* [CP] Embed Pods Frameworks */ = {
			isa = PBXShellScriptBuildPhase;
			buildActionMask = 2147483647;
			files = (
			);
			inputFileListPaths = (
				"${PODS_ROOT}/Target Support Files/Pods-PickUp-PickUpUITests/Pods-PickUp-PickUpUITests-frameworks-${CONFIGURATION}-input-files.xcfilelist",
			);
			name = "[CP] Embed Pods Frameworks";
			outputFileListPaths = (
				"${PODS_ROOT}/Target Support Files/Pods-PickUp-PickUpUITests/Pods-PickUp-PickUpUITests-frameworks-${CONFIGURATION}-output-files.xcfilelist",
			);
			runOnlyForDeploymentPostprocessing = 0;
			shellPath = /bin/sh;
			shellScript = "\"${PODS_ROOT}/Target Support Files/Pods-PickUp-PickUpUITests/Pods-PickUp-PickUpUITests-frameworks.sh\"\n";
			showEnvVarsInLog = 0;
		};
		7F950FCCE08E3A888A5C5035 /* [CP] Check Pods Manifest.lock */ = {
			isa = PBXShellScriptBuildPhase;
			buildActionMask = 2147483647;
			files = (
			);
			inputFileListPaths = (
			);
			inputPaths = (
				"${PODS_PODFILE_DIR_PATH}/Podfile.lock",
				"${PODS_ROOT}/Manifest.lock",
			);
			name = "[CP] Check Pods Manifest.lock";
			outputFileListPaths = (
			);
			outputPaths = (
				"$(DERIVED_FILE_DIR)/Pods-PickUp-checkManifestLockResult.txt",
			);
			runOnlyForDeploymentPostprocessing = 0;
			shellPath = /bin/sh;
			shellScript = "diff \"${PODS_PODFILE_DIR_PATH}/Podfile.lock\" \"${PODS_ROOT}/Manifest.lock\" > /dev/null\nif [ $? != 0 ] ; then\n    # print error to STDERR\n    echo \"error: The sandbox is not in sync with the Podfile.lock. Run 'pod install' or update your CocoaPods installation.\" >&2\n    exit 1\nfi\n# This output is used by Xcode 'outputs' to avoid re-running this script phase.\necho \"SUCCESS\" > \"${SCRIPT_OUTPUT_FILE_0}\"\n";
			showEnvVarsInLog = 0;
		};
		8D65B349265AF9B50085D5EE /* Apollo Schema Download */ = {
			isa = PBXShellScriptBuildPhase;
			alwaysOutOfDate = 1;
			buildActionMask = 12;
			files = (
			);
			inputFileListPaths = (
			);
			inputPaths = (
			);
			name = "Apollo Schema Download";
			outputFileListPaths = (
			);
			outputPaths = (
				"${SRCROOT}/${TARGET_NAME}/schema.json",
			);
			runOnlyForDeploymentPostprocessing = 0;
			shellPath = /bin/sh;
			shellScript = "# Type a script or drag a script file from your workspace to insert its path.\nSCRIPT_PATH=\"${PODS_ROOT}/Apollo/scripts\"\ncd \"${SRCROOT}/${TARGET_NAME}\"\n\"${SCRIPT_PATH}\"/run-bundled-codegen.sh schema:download --endpoint=${GRAPHQL_URL} $SCRIPT_OUTPUT_FILE_0\n";
		};
		8DFB9A2126509AB600254C57 /* Apollo CLI */ = {
			isa = PBXShellScriptBuildPhase;
			alwaysOutOfDate = 1;
			buildActionMask = 12;
			files = (
			);
			inputFileListPaths = (
			);
			inputPaths = (
				"$(DERIVED_FILE_DIR)/schema.json",
			);
			name = "Apollo CLI";
			outputFileListPaths = (
			);
			outputPaths = (
				"$(SRCROOT)/${TARGET_NAME}/API.swift",
			);
			runOnlyForDeploymentPostprocessing = 0;
			shellPath = /bin/sh;
			shellScript = "SCRIPT_PATH=\"${PODS_ROOT}/Apollo/scripts\"\ncd \"${SRCROOT}/${TARGET_NAME}\"\n\"${SCRIPT_PATH}\"/run-bundled-codegen.sh codegen:generate --target=swift --includes=./**/*.graphql --localSchemaFile=\"schema.json\" $SCRIPT_OUTPUT_FILE_0\n";
			showEnvVarsInLog = 0;
		};
		EA4B581B1EE8AC51FFE7FC37 /* [CP] Embed Pods Frameworks */ = {
			isa = PBXShellScriptBuildPhase;
			buildActionMask = 2147483647;
			files = (
			);
			inputFileListPaths = (
				"${PODS_ROOT}/Target Support Files/Pods-PickUp/Pods-PickUp-frameworks-${CONFIGURATION}-input-files.xcfilelist",
			);
			name = "[CP] Embed Pods Frameworks";
			outputFileListPaths = (
				"${PODS_ROOT}/Target Support Files/Pods-PickUp/Pods-PickUp-frameworks-${CONFIGURATION}-output-files.xcfilelist",
			);
			runOnlyForDeploymentPostprocessing = 0;
			shellPath = /bin/sh;
			shellScript = "\"${PODS_ROOT}/Target Support Files/Pods-PickUp/Pods-PickUp-frameworks.sh\"\n";
			showEnvVarsInLog = 0;
		};
		FCCAC1E2EF931B5B140ACE84 /* [CP] Check Pods Manifest.lock */ = {
			isa = PBXShellScriptBuildPhase;
			buildActionMask = 2147483647;
			files = (
			);
			inputFileListPaths = (
			);
			inputPaths = (
				"${PODS_PODFILE_DIR_PATH}/Podfile.lock",
				"${PODS_ROOT}/Manifest.lock",
			);
			name = "[CP] Check Pods Manifest.lock";
			outputFileListPaths = (
			);
			outputPaths = (
				"$(DERIVED_FILE_DIR)/Pods-PickUpTests-checkManifestLockResult.txt",
			);
			runOnlyForDeploymentPostprocessing = 0;
			shellPath = /bin/sh;
			shellScript = "diff \"${PODS_PODFILE_DIR_PATH}/Podfile.lock\" \"${PODS_ROOT}/Manifest.lock\" > /dev/null\nif [ $? != 0 ] ; then\n    # print error to STDERR\n    echo \"error: The sandbox is not in sync with the Podfile.lock. Run 'pod install' or update your CocoaPods installation.\" >&2\n    exit 1\nfi\n# This output is used by Xcode 'outputs' to avoid re-running this script phase.\necho \"SUCCESS\" > \"${SCRIPT_OUTPUT_FILE_0}\"\n";
			showEnvVarsInLog = 0;
		};
/* End PBXShellScriptBuildPhase section */

/* Begin PBXSourcesBuildPhase section */
		8DB8EF7E26198976004AADED /* Sources */ = {
			isa = PBXSourcesBuildPhase;
			buildActionMask = 2147483647;
			files = (
				C055C3CA2673074200FF40AA /* EditPickupViewModel.swift in Sources */,
				8D7AC489266D73B000672918 /* TeamatePickerView.swift in Sources */,
				8DFAD531261EBA910055BA76 /* LoginView.swift in Sources */,
				C088BBAE2657ABE2007301F7 /* MapSideMenuView.swift in Sources */,
				C09773122660412D0045B978 /* CourtsNearMeScrollView.swift in Sources */,
				C088BBAC26579A79007301F7 /* Place.swift in Sources */,
				C0B63B36267041F4008237EE /* BusynessView.swift in Sources */,
				8DFB99A7264ECBE400254C57 /* CreateSportEventView.swift in Sources */,
				8D2B0C50263819060032AE67 /* ImagePicker.swift in Sources */,
				1A2E5BDF2658637F006A803A /* EditedPickupNotificationView.swift in Sources */,
				8D65B28B2658CF6F0085D5EE /* ProfileSettingsViewModel.swift in Sources */,
				8D7AC4A1266DAC4F00672918 /* NotificationView.swift in Sources */,
				8D65B2E626592AA00085D5EE /* SearchItemView.swift in Sources */,
				1A03F99D263F473000C2E2CD /* PastPickupView.swift in Sources */,
				C088BBA9265785BE007301F7 /* MapMainView.swift in Sources */,
				8D09E70B2623E16E0007B871 /* ProfileView.swift in Sources */,
				C0B81C6E2657064B000555BD /* NotificationListView.swift in Sources */,
				1A03F99F263F482F00C2E2CD /* UpcomingPickupsView.swift in Sources */,
				8DB8F058261AAE90004AADED /* PickUpAppDelegate.swift in Sources */,
				C04BFC1C267E6643006DE620 /* LoadingView.swift in Sources */,
				8D65B2812658CE550085D5EE /* RestService.swift in Sources */,
				8D7AC469266C772300672918 /* EventInvitationNotificationView.swift in Sources */,
				8D3CDD3226583A93000EE754 /* SearchBarView.swift in Sources */,
				8DB8EF8826198976004AADED /* ContentView.swift in Sources */,
				1ADE7E36264C50E90097138F /* CourtsNearMeView.swift in Sources */,
				8D5EE0292652D2CD00EE7840 /* PickUpView.swift in Sources */,
				8D2094A1263C6F43009B1609 /* ProfileSettingsView.swift in Sources */,
				8D7AC47E266D636400672918 /* EventDetailsBoxView.swift in Sources */,
				C0977314266041900045B978 /* PickUpNearMeScrollView.swift in Sources */,
				1A2E5BEE265CBE38006A803A /* PastScoresView.swift in Sources */,
				8DFCF504262788A000BBFE66 /* MainView.swift in Sources */,
				8D30B108263E2146002B4C62 /* ProfilePicture.swift in Sources */,
				8D5EE0372652D6AF00EE7840 /* PickUpTabListView.swift in Sources */,
				8D65B2B3265905400085D5EE /* SignUpViewModel.swift in Sources */,
				8D65B2862658CEBE0085D5EE /* ProfileViewModel.swift in Sources */,
				1ADE7E34264C48060097138F /* SocialView.swift in Sources */,
				C0151125265A2DF6005EF24A /* MessageView.swift in Sources */,
				C088BBB026582B4C007301F7 /* SocialViewScrollView.swift in Sources */,
				8D30B110263E232C002B4C62 /* ProfileHeaderView.swift in Sources */,
				8D63ED2A266F17910022FB79 /* NotificationViewModel.swift in Sources */,
				1A2E5BEA265CA9E5006A803A /* InputScoreView.swift in Sources */,
				8DFCF52C262788E100BBFE66 /* HomeView.swift in Sources */,
				8DFB9988264E2C9F00254C57 /* EventDatePickerView.swift in Sources */,
				8DFCF518262788BD00BBFE66 /* MapView.swift in Sources */,
				8D63ED3D266FFE090022FB79 /* SetScoresViewModel.swift in Sources */,
				8D65B377265B06900085D5EE /* API.swift in Sources */,
				8D5EE0242652D1A400EE7840 /* PickUpListView.swift in Sources */,
				8D65B2AB265904EA0085D5EE /* CreateEventViewModel.swift in Sources */,
				8D65B2682658C91D0085D5EE /* AppState.swift in Sources */,
				8D65B27C2658CD790085D5EE /* StorageService.swift in Sources */,
				8D65B2D826590F310085D5EE /* HomeViewModel.swift in Sources */,
				C0B63B38267059A4008237EE /* CourtsNearMeFullView.swift in Sources */,
				C06A97D326790DF2004966F0 /* PopOverView.swift in Sources */,
				8D2A3EF3261EC3E100521A6A /* SignUpView.swift in Sources */,
				1A2E5BE526586698006A803A /* FinishPickupNotificationView.swift in Sources */,
				8D5EE02F2652D58300EE7840 /* CourtsNearMeListView.swift in Sources */,
				8DE52186266428320077AF09 /* FriendsListViewModel.swift in Sources */,
				8DFCF522262788D000BBFE66 /* CreateEventView.swift in Sources */,
				8D63ED47267000FC0022FB79 /* SetScoreView.swift in Sources */,
				1A2E5BE126586455006A803A /* FriendRequestNotificationView.swift in Sources */,
				8D65B26F2658C9F50085D5EE /* AuthService.swift in Sources */,
				C0151122265A2612005EF24A /* PostNotificationView.swift in Sources */,
				8DA9D1A0268002AC00513358 /* ProfilePictureViewModel.swift in Sources */,
				8D65B2B8265906290085D5EE /* LoginViewModel.swift in Sources */,
				8D65B2772658CCF30085D5EE /* Services.swift in Sources */,
				1A2E5BE3265865EB006A803A /* ConfirmationNotificationView.swift in Sources */,
				C04BFC2026811277006DE620 /* PopUpList.swift in Sources */,
				1A49DC0D265466BD007F28FD /* PostedPickUpsView.swift in Sources */,
				8D7AC479266D081B00672918 /* EventSportSelectionView.swift in Sources */,
				8D69FE8F2676FDC5009D2AFF /* VotedForMvpNotificationView.swift in Sources */,
				C088BBA7265780CB007301F7 /* MapViewModel.swift in Sources */,
				C0151127265A36B8005EF24A /* ChatView.swift in Sources */,
				8DB8EF8626198976004AADED /* PickUpApp.swift in Sources */,
				8D5EE07A26531EC200EE7840 /* ProfilePastEventView.swift in Sources */,
				8DFCF50E262788AF00BBFE66 /* FindTeammatesView.swift in Sources */,
				1A2E5BEC265CB784006A803A /* FinishPickupView.swift in Sources */,
				C0151120265A09FB005EF24A /* CreatePostView.swift in Sources */,
				8D65B2F626592FA70085D5EE /* FindTeammatesViewModel.swift in Sources */,
				8D69FE9626792CC6009D2AFF /* AuthenticationInterceptor.swift in Sources */,
				8DFB998D264E342800254C57 /* EventLocationPickerView.swift in Sources */,
				1AB44EDB26439DB300568ECB /* TypingBlockView.swift in Sources */,
				8DE52179266427FC0077AF09 /* FriendsListView.swift in Sources */,
				8D63ED24266F10160022FB79 /* NotificationListViewModel.swift in Sources */,
				8DE52181266428130077AF09 /* FriendItemView.swift in Sources */,
				1AB25B682668CAE500314C53 /* EditPickupView.swift in Sources */,
				8DE5216D2663FC760077AF09 /* FriendRequestResponseNotificationView.swift in Sources */,
			);
			runOnlyForDeploymentPostprocessing = 0;
		};
		8DB8EF8F26198979004AADED /* Sources */ = {
			isa = PBXSourcesBuildPhase;
			buildActionMask = 2147483647;
			files = (
				8DB8F059261AAE90004AADED /* PickUpAppDelegate.swift in Sources */,
				8D484B91261B73A200814A8F /* AuthFirebaseDataSourceTest.swift in Sources */,
				8DB8EF9826198979004AADED /* PickUpTests.swift in Sources */,
			);
			runOnlyForDeploymentPostprocessing = 0;
		};
		8DB8EF9A26198979004AADED /* Sources */ = {
			isa = PBXSourcesBuildPhase;
			buildActionMask = 2147483647;
			files = (
				8DB8F05A261AAE90004AADED /* PickUpAppDelegate.swift in Sources */,
				8DB8EFA326198979004AADED /* PickUpUITests.swift in Sources */,
			);
			runOnlyForDeploymentPostprocessing = 0;
		};
/* End PBXSourcesBuildPhase section */

/* Begin PBXTargetDependency section */
		8DB8EF9526198979004AADED /* PBXTargetDependency */ = {
			isa = PBXTargetDependency;
			target = 8DB8EF8126198976004AADED /* PickUp */;
			targetProxy = 8DB8EF9426198979004AADED /* PBXContainerItemProxy */;
		};
		8DB8EFA026198979004AADED /* PBXTargetDependency */ = {
			isa = PBXTargetDependency;
			target = 8DB8EF8126198976004AADED /* PickUp */;
			targetProxy = 8DB8EF9F26198979004AADED /* PBXContainerItemProxy */;
		};
/* End PBXTargetDependency section */

/* Begin XCBuildConfiguration section */
		8DB8EFA526198979004AADED /* Debug */ = {
			isa = XCBuildConfiguration;
			buildSettings = {
				ALWAYS_SEARCH_USER_PATHS = NO;
				CLANG_ANALYZER_NONNULL = YES;
				CLANG_ANALYZER_NUMBER_OBJECT_CONVERSION = YES_AGGRESSIVE;
				CLANG_CXX_LANGUAGE_STANDARD = "gnu++14";
				CLANG_CXX_LIBRARY = "libc++";
				CLANG_ENABLE_MODULES = YES;
				CLANG_ENABLE_OBJC_ARC = YES;
				CLANG_ENABLE_OBJC_WEAK = YES;
				CLANG_WARN_BLOCK_CAPTURE_AUTORELEASING = YES;
				CLANG_WARN_BOOL_CONVERSION = YES;
				CLANG_WARN_COMMA = YES;
				CLANG_WARN_CONSTANT_CONVERSION = YES;
				CLANG_WARN_DEPRECATED_OBJC_IMPLEMENTATIONS = YES;
				CLANG_WARN_DIRECT_OBJC_ISA_USAGE = YES_ERROR;
				CLANG_WARN_DOCUMENTATION_COMMENTS = YES;
				CLANG_WARN_EMPTY_BODY = YES;
				CLANG_WARN_ENUM_CONVERSION = YES;
				CLANG_WARN_INFINITE_RECURSION = YES;
				CLANG_WARN_INT_CONVERSION = YES;
				CLANG_WARN_NON_LITERAL_NULL_CONVERSION = YES;
				CLANG_WARN_OBJC_IMPLICIT_RETAIN_SELF = YES;
				CLANG_WARN_OBJC_LITERAL_CONVERSION = YES;
				CLANG_WARN_OBJC_ROOT_CLASS = YES_ERROR;
				CLANG_WARN_QUOTED_INCLUDE_IN_FRAMEWORK_HEADER = YES;
				CLANG_WARN_RANGE_LOOP_ANALYSIS = YES;
				CLANG_WARN_STRICT_PROTOTYPES = YES;
				CLANG_WARN_SUSPICIOUS_MOVE = YES;
				CLANG_WARN_UNGUARDED_AVAILABILITY = YES_AGGRESSIVE;
				CLANG_WARN_UNREACHABLE_CODE = YES;
				CLANG_WARN__DUPLICATE_METHOD_MATCH = YES;
				COPY_PHASE_STRIP = NO;
				DEBUG_INFORMATION_FORMAT = dwarf;
				ENABLE_STRICT_OBJC_MSGSEND = YES;
				ENABLE_TESTABILITY = YES;
				GCC_C_LANGUAGE_STANDARD = gnu11;
				GCC_DYNAMIC_NO_PIC = NO;
				GCC_NO_COMMON_BLOCKS = YES;
				GCC_OPTIMIZATION_LEVEL = 0;
				GCC_PREPROCESSOR_DEFINITIONS = (
					"DEBUG=1",
					"$(inherited)",
				);
				GCC_WARN_64_TO_32_BIT_CONVERSION = YES;
				GCC_WARN_ABOUT_RETURN_TYPE = YES_ERROR;
				GCC_WARN_UNDECLARED_SELECTOR = YES;
				GCC_WARN_UNINITIALIZED_AUTOS = YES_AGGRESSIVE;
				GCC_WARN_UNUSED_FUNCTION = YES;
				GCC_WARN_UNUSED_VARIABLE = YES;
				IPHONEOS_DEPLOYMENT_TARGET = 14.4;
				MTL_ENABLE_DEBUG_INFO = INCLUDE_SOURCE;
				MTL_FAST_MATH = YES;
				ONLY_ACTIVE_ARCH = YES;
				SDKROOT = iphoneos;
				SWIFT_ACTIVE_COMPILATION_CONDITIONS = DEBUG;
				SWIFT_OPTIMIZATION_LEVEL = "-Onone";
				SWIFT_VERSION = 5.0;
			};
			name = Debug;
		};
		8DB8EFA626198979004AADED /* Release */ = {
			isa = XCBuildConfiguration;
			buildSettings = {
				ALWAYS_SEARCH_USER_PATHS = NO;
				CLANG_ANALYZER_NONNULL = YES;
				CLANG_ANALYZER_NUMBER_OBJECT_CONVERSION = YES_AGGRESSIVE;
				CLANG_CXX_LANGUAGE_STANDARD = "gnu++14";
				CLANG_CXX_LIBRARY = "libc++";
				CLANG_ENABLE_MODULES = YES;
				CLANG_ENABLE_OBJC_ARC = YES;
				CLANG_ENABLE_OBJC_WEAK = YES;
				CLANG_WARN_BLOCK_CAPTURE_AUTORELEASING = YES;
				CLANG_WARN_BOOL_CONVERSION = YES;
				CLANG_WARN_COMMA = YES;
				CLANG_WARN_CONSTANT_CONVERSION = YES;
				CLANG_WARN_DEPRECATED_OBJC_IMPLEMENTATIONS = YES;
				CLANG_WARN_DIRECT_OBJC_ISA_USAGE = YES_ERROR;
				CLANG_WARN_DOCUMENTATION_COMMENTS = YES;
				CLANG_WARN_EMPTY_BODY = YES;
				CLANG_WARN_ENUM_CONVERSION = YES;
				CLANG_WARN_INFINITE_RECURSION = YES;
				CLANG_WARN_INT_CONVERSION = YES;
				CLANG_WARN_NON_LITERAL_NULL_CONVERSION = YES;
				CLANG_WARN_OBJC_IMPLICIT_RETAIN_SELF = YES;
				CLANG_WARN_OBJC_LITERAL_CONVERSION = YES;
				CLANG_WARN_OBJC_ROOT_CLASS = YES_ERROR;
				CLANG_WARN_QUOTED_INCLUDE_IN_FRAMEWORK_HEADER = YES;
				CLANG_WARN_RANGE_LOOP_ANALYSIS = YES;
				CLANG_WARN_STRICT_PROTOTYPES = YES;
				CLANG_WARN_SUSPICIOUS_MOVE = YES;
				CLANG_WARN_UNGUARDED_AVAILABILITY = YES_AGGRESSIVE;
				CLANG_WARN_UNREACHABLE_CODE = YES;
				CLANG_WARN__DUPLICATE_METHOD_MATCH = YES;
				COPY_PHASE_STRIP = NO;
				DEBUG_INFORMATION_FORMAT = "dwarf-with-dsym";
				ENABLE_NS_ASSERTIONS = NO;
				ENABLE_STRICT_OBJC_MSGSEND = YES;
				GCC_C_LANGUAGE_STANDARD = gnu11;
				GCC_NO_COMMON_BLOCKS = YES;
				GCC_WARN_64_TO_32_BIT_CONVERSION = YES;
				GCC_WARN_ABOUT_RETURN_TYPE = YES_ERROR;
				GCC_WARN_UNDECLARED_SELECTOR = YES;
				GCC_WARN_UNINITIALIZED_AUTOS = YES_AGGRESSIVE;
				GCC_WARN_UNUSED_FUNCTION = YES;
				GCC_WARN_UNUSED_VARIABLE = YES;
				IPHONEOS_DEPLOYMENT_TARGET = 14.4;
				MTL_ENABLE_DEBUG_INFO = NO;
				MTL_FAST_MATH = YES;
				SDKROOT = iphoneos;
				SWIFT_COMPILATION_MODE = wholemodule;
				SWIFT_OPTIMIZATION_LEVEL = "-O";
				SWIFT_VERSION = 5.0;
				VALIDATE_PRODUCT = YES;
			};
			name = Release;
		};
		8DB8EFA826198979004AADED /* Debug */ = {
			isa = XCBuildConfiguration;
			baseConfigurationReference = D568A6AA78CFA5C7D7ABDE5C /* Pods-PickUp.debug.xcconfig */;
			buildSettings = {
				ASSETCATALOG_COMPILER_APPICON_NAME = AppIcon;
				ASSETCATALOG_COMPILER_GLOBAL_ACCENT_COLOR_NAME = AccentColor;
				CODE_SIGN_ENTITLEMENTS = PickUp/PickUp.entitlements;
				CODE_SIGN_STYLE = Automatic;
				DEVELOPMENT_ASSET_PATHS = "\"PickUp/Preview Content\"";
				DEVELOPMENT_TEAM = 5D593G8Q6L;
				ENABLE_PREVIEWS = YES;
				GRAPHQL_URL = "http://pickupserver.herokuapp.com/graphql";
				HOST = "http://localhost:3000/";
				INFOPLIST_FILE = PickUp/Info.plist;
				IPHONEOS_DEPLOYMENT_TARGET = 14.0;
				LD_RUNPATH_SEARCH_PATHS = (
					"$(inherited)",
					"@executable_path/Frameworks",
				);
				PRODUCT_BUNDLE_IDENTIFIER = PickUpBois.PickUpSportsApp;
				PRODUCT_NAME = "$(TARGET_NAME)";
				SWIFT_VERSION = 5.0;
				TARGETED_DEVICE_FAMILY = "1,2";
			};
			name = Debug;
		};
		8DB8EFA926198979004AADED /* Release */ = {
			isa = XCBuildConfiguration;
			baseConfigurationReference = D9C81D62DA742F61743A615A /* Pods-PickUp.release.xcconfig */;
			buildSettings = {
				ASSETCATALOG_COMPILER_APPICON_NAME = AppIcon;
				ASSETCATALOG_COMPILER_GLOBAL_ACCENT_COLOR_NAME = AccentColor;
				CODE_SIGN_ENTITLEMENTS = PickUp/PickUp.entitlements;
				CODE_SIGN_STYLE = Automatic;
				DEVELOPMENT_ASSET_PATHS = "\"PickUp/Preview Content\"";
				DEVELOPMENT_TEAM = 5D593G8Q6L;
				ENABLE_PREVIEWS = YES;
				GRAPHQL_URL = "http://pickupserver.herokuapp.com/graphql";
				HOST = "http://localhost:3000/";
				INFOPLIST_FILE = PickUp/Info.plist;
				IPHONEOS_DEPLOYMENT_TARGET = 14.0;
				LD_RUNPATH_SEARCH_PATHS = (
					"$(inherited)",
					"@executable_path/Frameworks",
				);
				PRODUCT_BUNDLE_IDENTIFIER = PickUpBois.PickUpSportsApp;
				PRODUCT_NAME = "$(TARGET_NAME)";
				SWIFT_VERSION = 5.0;
				TARGETED_DEVICE_FAMILY = "1,2";
			};
			name = Release;
		};
		8DB8EFAB26198979004AADED /* Debug */ = {
			isa = XCBuildConfiguration;
			baseConfigurationReference = FE5BA8CA4F7F27A8F1738504 /* Pods-PickUpTests.debug.xcconfig */;
			buildSettings = {
				ALWAYS_EMBED_SWIFT_STANDARD_LIBRARIES = YES;
				BUNDLE_LOADER = "$(TEST_HOST)";
				CODE_SIGN_STYLE = Automatic;
				INFOPLIST_FILE = PickUpTests/Info.plist;
				IPHONEOS_DEPLOYMENT_TARGET = 14.0;
				LD_RUNPATH_SEARCH_PATHS = (
					"$(inherited)",
					"@executable_path/Frameworks",
					"@loader_path/Frameworks",
				);
				PRODUCT_BUNDLE_IDENTIFIER = PickUpBois.PickUpTests;
				PRODUCT_NAME = "$(TARGET_NAME)";
				SWIFT_VERSION = 5.0;
				TARGETED_DEVICE_FAMILY = "1,2";
				TEST_HOST = "$(BUILT_PRODUCTS_DIR)/PickUp.app/PickUp";
			};
			name = Debug;
		};
		8DB8EFAC26198979004AADED /* Release */ = {
			isa = XCBuildConfiguration;
			baseConfigurationReference = 6403E9CD6469737F34F86843 /* Pods-PickUpTests.release.xcconfig */;
			buildSettings = {
				ALWAYS_EMBED_SWIFT_STANDARD_LIBRARIES = YES;
				BUNDLE_LOADER = "$(TEST_HOST)";
				CODE_SIGN_STYLE = Automatic;
				INFOPLIST_FILE = PickUpTests/Info.plist;
				IPHONEOS_DEPLOYMENT_TARGET = 14.0;
				LD_RUNPATH_SEARCH_PATHS = (
					"$(inherited)",
					"@executable_path/Frameworks",
					"@loader_path/Frameworks",
				);
				PRODUCT_BUNDLE_IDENTIFIER = PickUpBois.PickUpTests;
				PRODUCT_NAME = "$(TARGET_NAME)";
				SWIFT_VERSION = 5.0;
				TARGETED_DEVICE_FAMILY = "1,2";
				TEST_HOST = "$(BUILT_PRODUCTS_DIR)/PickUp.app/PickUp";
			};
			name = Release;
		};
		8DB8EFAE26198979004AADED /* Debug */ = {
			isa = XCBuildConfiguration;
			baseConfigurationReference = 3D2413990659958D11A4B251 /* Pods-PickUp-PickUpUITests.debug.xcconfig */;
			buildSettings = {
				ALWAYS_EMBED_SWIFT_STANDARD_LIBRARIES = YES;
				CODE_SIGN_STYLE = Automatic;
				INFOPLIST_FILE = PickUpUITests/Info.plist;
				LD_RUNPATH_SEARCH_PATHS = (
					"$(inherited)",
					"@executable_path/Frameworks",
					"@loader_path/Frameworks",
				);
				PRODUCT_BUNDLE_IDENTIFIER = PickUpBois.PickUpUITests;
				PRODUCT_NAME = "$(TARGET_NAME)";
				SWIFT_VERSION = 5.0;
				TARGETED_DEVICE_FAMILY = "1,2";
				TEST_TARGET_NAME = PickUp;
			};
			name = Debug;
		};
		8DB8EFAF26198979004AADED /* Release */ = {
			isa = XCBuildConfiguration;
			baseConfigurationReference = ABFBFDCD71D8610550461951 /* Pods-PickUp-PickUpUITests.release.xcconfig */;
			buildSettings = {
				ALWAYS_EMBED_SWIFT_STANDARD_LIBRARIES = YES;
				CODE_SIGN_STYLE = Automatic;
				INFOPLIST_FILE = PickUpUITests/Info.plist;
				LD_RUNPATH_SEARCH_PATHS = (
					"$(inherited)",
					"@executable_path/Frameworks",
					"@loader_path/Frameworks",
				);
				PRODUCT_BUNDLE_IDENTIFIER = PickUpBois.PickUpUITests;
				PRODUCT_NAME = "$(TARGET_NAME)";
				SWIFT_VERSION = 5.0;
				TARGETED_DEVICE_FAMILY = "1,2";
				TEST_TARGET_NAME = PickUp;
			};
			name = Release;
		};
/* End XCBuildConfiguration section */

/* Begin XCConfigurationList section */
		8DB8EF7D26198976004AADED /* Build configuration list for PBXProject "PickUp" */ = {
			isa = XCConfigurationList;
			buildConfigurations = (
				8DB8EFA526198979004AADED /* Debug */,
				8DB8EFA626198979004AADED /* Release */,
			);
			defaultConfigurationIsVisible = 0;
			defaultConfigurationName = Release;
		};
		8DB8EFA726198979004AADED /* Build configuration list for PBXNativeTarget "PickUp" */ = {
			isa = XCConfigurationList;
			buildConfigurations = (
				8DB8EFA826198979004AADED /* Debug */,
				8DB8EFA926198979004AADED /* Release */,
			);
			defaultConfigurationIsVisible = 0;
			defaultConfigurationName = Release;
		};
		8DB8EFAA26198979004AADED /* Build configuration list for PBXNativeTarget "PickUpTests" */ = {
			isa = XCConfigurationList;
			buildConfigurations = (
				8DB8EFAB26198979004AADED /* Debug */,
				8DB8EFAC26198979004AADED /* Release */,
			);
			defaultConfigurationIsVisible = 0;
			defaultConfigurationName = Release;
		};
		8DB8EFAD26198979004AADED /* Build configuration list for PBXNativeTarget "PickUpUITests" */ = {
			isa = XCConfigurationList;
			buildConfigurations = (
				8DB8EFAE26198979004AADED /* Debug */,
				8DB8EFAF26198979004AADED /* Release */,
			);
			defaultConfigurationIsVisible = 0;
			defaultConfigurationName = Release;
		};
/* End XCConfigurationList section */
	};
	rootObject = 8DB8EF7A26198976004AADED /* Project object */;
}
