// !$*UTF8*$!
{
	archiveVersion = 1;
	classes = {
	};
	objectVersion = 51;
	objects = {

/* Begin PBXBuildFile section */
		2BCB14BC98673B0E0405DA1A /* Pods_PickUp.framework in Frameworks */ = {isa = PBXBuildFile; fileRef = A1BD03789BD152139D962439 /* Pods_PickUp.framework */; };
		5759BEB19CC7C7586D1CAA4A /* Pods_PickUpTests.framework in Frameworks */ = {isa = PBXBuildFile; fileRef = 0F0D20760AA6BD396F53FB95 /* Pods_PickUpTests.framework */; };
		861B30895CA33C3C99B5E486 /* Pods_PickUp_PickUpUITests.framework in Frameworks */ = {isa = PBXBuildFile; fileRef = 3B10C264D4693EA67AE11366 /* Pods_PickUp_PickUpUITests.framework */; };
		8DB8EF8626198976004AADED /* PickUpApp.swift in Sources */ = {isa = PBXBuildFile; fileRef = 8DB8EF8526198976004AADED /* PickUpApp.swift */; };
		8DB8EF8826198976004AADED /* ContentView.swift in Sources */ = {isa = PBXBuildFile; fileRef = 8DB8EF8726198976004AADED /* ContentView.swift */; };
		8DB8EF8A26198979004AADED /* Assets.xcassets in Resources */ = {isa = PBXBuildFile; fileRef = 8DB8EF8926198979004AADED /* Assets.xcassets */; };
		8DB8EF8D26198979004AADED /* Preview Assets.xcassets in Resources */ = {isa = PBXBuildFile; fileRef = 8DB8EF8C26198979004AADED /* Preview Assets.xcassets */; };
		8DB8EF9826198979004AADED /* PickUpTests.swift in Sources */ = {isa = PBXBuildFile; fileRef = 8DB8EF9726198979004AADED /* PickUpTests.swift */; };
		8DB8EFA326198979004AADED /* PickUpUITests.swift in Sources */ = {isa = PBXBuildFile; fileRef = 8DB8EFA226198979004AADED /* PickUpUITests.swift */; };
		8DB8EFB4261989A9004AADED /* SignUpView.swift in Sources */ = {isa = PBXBuildFile; fileRef = 8DB8EFB3261989A9004AADED /* SignUpView.swift */; };
		8DB8EFB9261989B2004AADED /* AuthRepo.swift in Sources */ = {isa = PBXBuildFile; fileRef = 8DB8EFB8261989B2004AADED /* AuthRepo.swift */; };
		8DB8EFCC2619A04A004AADED /* SignUpViewModel.swift in Sources */ = {isa = PBXBuildFile; fileRef = 8DB8EFCB2619A04A004AADED /* SignUpViewModel.swift */; };
		8DB8EFD12619A6B8004AADED /* ContentViewModel.swift in Sources */ = {isa = PBXBuildFile; fileRef = 8DB8EFD02619A6B8004AADED /* ContentViewModel.swift */; };
		8DB8EFD62619AB4A004AADED /* HomeView.swift in Sources */ = {isa = PBXBuildFile; fileRef = 8DB8EFD52619AB4A004AADED /* HomeView.swift */; };
		8DB8EFDD261A6BEB004AADED /* AuthFirebaseDataSource.swift in Sources */ = {isa = PBXBuildFile; fileRef = 8DB8EFDC261A6BEB004AADED /* AuthFirebaseDataSource.swift */; };
		8DB8F008261A8201004AADED /* GoogleService-Info.plist in Resources */ = {isa = PBXBuildFile; fileRef = 8DB8F007261A8201004AADED /* GoogleService-Info.plist */; };
		8DB8F009261A8201004AADED /* GoogleService-Info.plist in Resources */ = {isa = PBXBuildFile; fileRef = 8DB8F007261A8201004AADED /* GoogleService-Info.plist */; };
		8DB8F00A261A8201004AADED /* GoogleService-Info.plist in Resources */ = {isa = PBXBuildFile; fileRef = 8DB8F007261A8201004AADED /* GoogleService-Info.plist */; };
		8DB8F021261A8A45004AADED /* UserDao.swift in Sources */ = {isa = PBXBuildFile; fileRef = 8DB8F020261A8A45004AADED /* UserDao.swift */; };
		8DB8F022261A8A45004AADED /* UserDao.swift in Sources */ = {isa = PBXBuildFile; fileRef = 8DB8F020261A8A45004AADED /* UserDao.swift */; };
		8DB8F023261A8A45004AADED /* UserDao.swift in Sources */ = {isa = PBXBuildFile; fileRef = 8DB8F020261A8A45004AADED /* UserDao.swift */; };
		8DB8F047261AAD58004AADED /* AuthFirebaseDataSource.swift in Sources */ = {isa = PBXBuildFile; fileRef = 8DB8EFDC261A6BEB004AADED /* AuthFirebaseDataSource.swift */; };
		8DB8F04B261AAD58004AADED /* AuthFirebaseDataSource.swift in Sources */ = {isa = PBXBuildFile; fileRef = 8DB8EFDC261A6BEB004AADED /* AuthFirebaseDataSource.swift */; };
		8DB8F04F261AAD5D004AADED /* AuthRepo.swift in Sources */ = {isa = PBXBuildFile; fileRef = 8DB8EFB8261989B2004AADED /* AuthRepo.swift */; };
		8DB8F053261AAD5D004AADED /* AuthRepo.swift in Sources */ = {isa = PBXBuildFile; fileRef = 8DB8EFB8261989B2004AADED /* AuthRepo.swift */; };
		8DB8F058261AAE90004AADED /* PickUpAppDelegate.swift in Sources */ = {isa = PBXBuildFile; fileRef = 8DB8F057261AAE90004AADED /* PickUpAppDelegate.swift */; };
		8DB8F059261AAE90004AADED /* PickUpAppDelegate.swift in Sources */ = {isa = PBXBuildFile; fileRef = 8DB8F057261AAE90004AADED /* PickUpAppDelegate.swift */; };
		8DB8F05A261AAE90004AADED /* PickUpAppDelegate.swift in Sources */ = {isa = PBXBuildFile; fileRef = 8DB8F057261AAE90004AADED /* PickUpAppDelegate.swift */; };
		8DB8F062261AB14E004AADED /* AuthFirebaseDataSourceTest.swift in Sources */ = {isa = PBXBuildFile; fileRef = 8DB8EFF6261A74F7004AADED /* AuthFirebaseDataSourceTest.swift */; };
		8DB8F06A261AB3E9004AADED /* ViewModelFactory.swift in Sources */ = {isa = PBXBuildFile; fileRef = 8DB8F069261AB3E9004AADED /* ViewModelFactory.swift */; };
		8DB8F06B261AB3E9004AADED /* ViewModelFactory.swift in Sources */ = {isa = PBXBuildFile; fileRef = 8DB8F069261AB3E9004AADED /* ViewModelFactory.swift */; };
		8DB8F06C261AB3E9004AADED /* ViewModelFactory.swift in Sources */ = {isa = PBXBuildFile; fileRef = 8DB8F069261AB3E9004AADED /* ViewModelFactory.swift */; };
/* End PBXBuildFile section */

/* Begin PBXContainerItemProxy section */
		8DB8EF9426198979004AADED /* PBXContainerItemProxy */ = {
			isa = PBXContainerItemProxy;
			containerPortal = 8DB8EF7A26198976004AADED /* Project object */;
			proxyType = 1;
			remoteGlobalIDString = 8DB8EF8126198976004AADED;
			remoteInfo = PickUp;
		};
		8DB8EF9F26198979004AADED /* PBXContainerItemProxy */ = {
			isa = PBXContainerItemProxy;
			containerPortal = 8DB8EF7A26198976004AADED /* Project object */;
			proxyType = 1;
			remoteGlobalIDString = 8DB8EF8126198976004AADED;
			remoteInfo = PickUp;
		};
/* End PBXContainerItemProxy section */

/* Begin PBXFileReference section */
		0F0D20760AA6BD396F53FB95 /* Pods_PickUpTests.framework */ = {isa = PBXFileReference; explicitFileType = wrapper.framework; includeInIndex = 0; path = Pods_PickUpTests.framework; sourceTree = BUILT_PRODUCTS_DIR; };
		1713F0E8051208CEC621D8B8 /* Pods-PickUpTests.release.xcconfig */ = {isa = PBXFileReference; includeInIndex = 1; lastKnownFileType = text.xcconfig; name = "Pods-PickUpTests.release.xcconfig"; path = "Target Support Files/Pods-PickUpTests/Pods-PickUpTests.release.xcconfig"; sourceTree = "<group>"; };
		37B4D1F8385E9203AFDB1EEA /* Pods-PickUp-PickUpUITests.release.xcconfig */ = {isa = PBXFileReference; includeInIndex = 1; lastKnownFileType = text.xcconfig; name = "Pods-PickUp-PickUpUITests.release.xcconfig"; path = "Target Support Files/Pods-PickUp-PickUpUITests/Pods-PickUp-PickUpUITests.release.xcconfig"; sourceTree = "<group>"; };
		3B10C264D4693EA67AE11366 /* Pods_PickUp_PickUpUITests.framework */ = {isa = PBXFileReference; explicitFileType = wrapper.framework; includeInIndex = 0; path = Pods_PickUp_PickUpUITests.framework; sourceTree = BUILT_PRODUCTS_DIR; };
		3CAFA1516D4C68D02E665F97 /* Pods-PickUpTests.debug.xcconfig */ = {isa = PBXFileReference; includeInIndex = 1; lastKnownFileType = text.xcconfig; name = "Pods-PickUpTests.debug.xcconfig"; path = "Target Support Files/Pods-PickUpTests/Pods-PickUpTests.debug.xcconfig"; sourceTree = "<group>"; };
		8DB8EF8226198976004AADED /* PickUp.app */ = {isa = PBXFileReference; explicitFileType = wrapper.application; includeInIndex = 0; path = PickUp.app; sourceTree = BUILT_PRODUCTS_DIR; };
		8DB8EF8526198976004AADED /* PickUpApp.swift */ = {isa = PBXFileReference; lastKnownFileType = sourcecode.swift; path = PickUpApp.swift; sourceTree = "<group>"; };
		8DB8EF8726198976004AADED /* ContentView.swift */ = {isa = PBXFileReference; lastKnownFileType = sourcecode.swift; path = ContentView.swift; sourceTree = "<group>"; };
		8DB8EF8926198979004AADED /* Assets.xcassets */ = {isa = PBXFileReference; lastKnownFileType = folder.assetcatalog; path = Assets.xcassets; sourceTree = "<group>"; };
		8DB8EF8C26198979004AADED /* Preview Assets.xcassets */ = {isa = PBXFileReference; lastKnownFileType = folder.assetcatalog; path = "Preview Assets.xcassets"; sourceTree = "<group>"; };
		8DB8EF8E26198979004AADED /* Info.plist */ = {isa = PBXFileReference; lastKnownFileType = text.plist.xml; path = Info.plist; sourceTree = "<group>"; };
		8DB8EF9326198979004AADED /* PickUpTests.xctest */ = {isa = PBXFileReference; explicitFileType = wrapper.cfbundle; includeInIndex = 0; path = PickUpTests.xctest; sourceTree = BUILT_PRODUCTS_DIR; };
		8DB8EF9726198979004AADED /* PickUpTests.swift */ = {isa = PBXFileReference; lastKnownFileType = sourcecode.swift; path = PickUpTests.swift; sourceTree = "<group>"; };
		8DB8EF9926198979004AADED /* Info.plist */ = {isa = PBXFileReference; lastKnownFileType = text.plist.xml; path = Info.plist; sourceTree = "<group>"; };
		8DB8EF9E26198979004AADED /* PickUpUITests.xctest */ = {isa = PBXFileReference; explicitFileType = wrapper.cfbundle; includeInIndex = 0; path = PickUpUITests.xctest; sourceTree = BUILT_PRODUCTS_DIR; };
		8DB8EFA226198979004AADED /* PickUpUITests.swift */ = {isa = PBXFileReference; lastKnownFileType = sourcecode.swift; path = PickUpUITests.swift; sourceTree = "<group>"; };
		8DB8EFA426198979004AADED /* Info.plist */ = {isa = PBXFileReference; lastKnownFileType = text.plist.xml; path = Info.plist; sourceTree = "<group>"; };
		8DB8EFB3261989A9004AADED /* SignUpView.swift */ = {isa = PBXFileReference; fileEncoding = 4; lastKnownFileType = sourcecode.swift; path = SignUpView.swift; sourceTree = "<group>"; };
		8DB8EFB8261989B2004AADED /* AuthRepo.swift */ = {isa = PBXFileReference; fileEncoding = 4; lastKnownFileType = sourcecode.swift; path = AuthRepo.swift; sourceTree = "<group>"; };
		8DB8EFCB2619A04A004AADED /* SignUpViewModel.swift */ = {isa = PBXFileReference; lastKnownFileType = sourcecode.swift; path = SignUpViewModel.swift; sourceTree = "<group>"; };
		8DB8EFD02619A6B8004AADED /* ContentViewModel.swift */ = {isa = PBXFileReference; lastKnownFileType = sourcecode.swift; path = ContentViewModel.swift; sourceTree = "<group>"; };
		8DB8EFD52619AB4A004AADED /* HomeView.swift */ = {isa = PBXFileReference; lastKnownFileType = sourcecode.swift; path = HomeView.swift; sourceTree = "<group>"; };
		8DB8EFDC261A6BEB004AADED /* AuthFirebaseDataSource.swift */ = {isa = PBXFileReference; lastKnownFileType = sourcecode.swift; path = AuthFirebaseDataSource.swift; sourceTree = "<group>"; };
		8DB8EFF6261A74F7004AADED /* AuthFirebaseDataSourceTest.swift */ = {isa = PBXFileReference; lastKnownFileType = sourcecode.swift; path = AuthFirebaseDataSourceTest.swift; sourceTree = "<group>"; };
		8DB8F007261A8201004AADED /* GoogleService-Info.plist */ = {isa = PBXFileReference; fileEncoding = 4; lastKnownFileType = text.plist.xml; path = "GoogleService-Info.plist"; sourceTree = "<group>"; };
		8DB8F020261A8A45004AADED /* UserDao.swift */ = {isa = PBXFileReference; lastKnownFileType = sourcecode.swift; path = UserDao.swift; sourceTree = "<group>"; };
		8DB8F057261AAE90004AADED /* PickUpAppDelegate.swift */ = {isa = PBXFileReference; lastKnownFileType = sourcecode.swift; path = PickUpAppDelegate.swift; sourceTree = "<group>"; };
		8DB8F069261AB3E9004AADED /* ViewModelFactory.swift */ = {isa = PBXFileReference; lastKnownFileType = sourcecode.swift; path = ViewModelFactory.swift; sourceTree = "<group>"; };
		8EB8B0A29B973038161B520F /* Pods-PickUp.release.xcconfig */ = {isa = PBXFileReference; includeInIndex = 1; lastKnownFileType = text.xcconfig; name = "Pods-PickUp.release.xcconfig"; path = "Target Support Files/Pods-PickUp/Pods-PickUp.release.xcconfig"; sourceTree = "<group>"; };
		95F15E1C1D0B3D295628FFFF /* Pods-PickUp-PickUpUITests.debug.xcconfig */ = {isa = PBXFileReference; includeInIndex = 1; lastKnownFileType = text.xcconfig; name = "Pods-PickUp-PickUpUITests.debug.xcconfig"; path = "Target Support Files/Pods-PickUp-PickUpUITests/Pods-PickUp-PickUpUITests.debug.xcconfig"; sourceTree = "<group>"; };
		9D15CB2A404F9F6ED4D779DF /* Pods-PickUp.debug.xcconfig */ = {isa = PBXFileReference; includeInIndex = 1; lastKnownFileType = text.xcconfig; name = "Pods-PickUp.debug.xcconfig"; path = "Target Support Files/Pods-PickUp/Pods-PickUp.debug.xcconfig"; sourceTree = "<group>"; };
		A1BD03789BD152139D962439 /* Pods_PickUp.framework */ = {isa = PBXFileReference; explicitFileType = wrapper.framework; includeInIndex = 0; path = Pods_PickUp.framework; sourceTree = BUILT_PRODUCTS_DIR; };
/* End PBXFileReference section */

/* Begin PBXFrameworksBuildPhase section */
		8DB8EF7F26198976004AADED /* Frameworks */ = {
			isa = PBXFrameworksBuildPhase;
			buildActionMask = 2147483647;
			files = (
				2BCB14BC98673B0E0405DA1A /* Pods_PickUp.framework in Frameworks */,
			);
			runOnlyForDeploymentPostprocessing = 0;
		};
		8DB8EF9026198979004AADED /* Frameworks */ = {
			isa = PBXFrameworksBuildPhase;
			buildActionMask = 2147483647;
			files = (
				5759BEB19CC7C7586D1CAA4A /* Pods_PickUpTests.framework in Frameworks */,
			);
			runOnlyForDeploymentPostprocessing = 0;
		};
		8DB8EF9B26198979004AADED /* Frameworks */ = {
			isa = PBXFrameworksBuildPhase;
			buildActionMask = 2147483647;
			files = (
				861B30895CA33C3C99B5E486 /* Pods_PickUp_PickUpUITests.framework in Frameworks */,
			);
			runOnlyForDeploymentPostprocessing = 0;
		};
/* End PBXFrameworksBuildPhase section */

/* Begin PBXGroup section */
		3A8F0A45BFA36F755256DF65 /* Pods */ = {
			isa = PBXGroup;
			children = (
				9D15CB2A404F9F6ED4D779DF /* Pods-PickUp.debug.xcconfig */,
				8EB8B0A29B973038161B520F /* Pods-PickUp.release.xcconfig */,
				95F15E1C1D0B3D295628FFFF /* Pods-PickUp-PickUpUITests.debug.xcconfig */,
				37B4D1F8385E9203AFDB1EEA /* Pods-PickUp-PickUpUITests.release.xcconfig */,
				3CAFA1516D4C68D02E665F97 /* Pods-PickUpTests.debug.xcconfig */,
				1713F0E8051208CEC621D8B8 /* Pods-PickUpTests.release.xcconfig */,
			);
			path = Pods;
			sourceTree = "<group>";
		};
		7D2AD4A007992FCD496A919B /* Frameworks */ = {
			isa = PBXGroup;
			children = (
				A1BD03789BD152139D962439 /* Pods_PickUp.framework */,
				3B10C264D4693EA67AE11366 /* Pods_PickUp_PickUpUITests.framework */,
				0F0D20760AA6BD396F53FB95 /* Pods_PickUpTests.framework */,
			);
			name = Frameworks;
			sourceTree = "<group>";
		};
		8DB8EF7926198976004AADED = {
			isa = PBXGroup;
			children = (
				8DB8F007261A8201004AADED /* GoogleService-Info.plist */,
				8DB8EF8426198976004AADED /* PickUp */,
				8DB8EF9626198979004AADED /* PickUpTests */,
				8DB8EFA126198979004AADED /* PickUpUITests */,
				8DB8EF8326198976004AADED /* Products */,
				3A8F0A45BFA36F755256DF65 /* Pods */,
				7D2AD4A007992FCD496A919B /* Frameworks */,
			);
			sourceTree = "<group>";
		};
		8DB8EF8326198976004AADED /* Products */ = {
			isa = PBXGroup;
			children = (
				8DB8EF8226198976004AADED /* PickUp.app */,
				8DB8EF9326198979004AADED /* PickUpTests.xctest */,
				8DB8EF9E26198979004AADED /* PickUpUITests.xctest */,
			);
			name = Products;
			sourceTree = "<group>";
		};
		8DB8EF8426198976004AADED /* PickUp */ = {
			isa = PBXGroup;
			children = (
				8DB8EFDB261A69A3004AADED /* data */,
				8DB8EFC726199F6F004AADED /* viewmodels */,
				8DB8EFBD26198CBD004AADED /* views */,
				8DB8EF8526198976004AADED /* PickUpApp.swift */,
				8DB8EF8926198979004AADED /* Assets.xcassets */,
				8DB8EF8E26198979004AADED /* Info.plist */,
				8DB8EF8B26198979004AADED /* Preview Content */,
				8DB8F057261AAE90004AADED /* PickUpAppDelegate.swift */,
				8DB8F069261AB3E9004AADED /* ViewModelFactory.swift */,
			);
			path = PickUp;
			sourceTree = "<group>";
		};
		8DB8EF8B26198979004AADED /* Preview Content */ = {
			isa = PBXGroup;
			children = (
				8DB8EF8C26198979004AADED /* Preview Assets.xcassets */,
			);
			path = "Preview Content";
			sourceTree = "<group>";
		};
		8DB8EF9626198979004AADED /* PickUpTests */ = {
			isa = PBXGroup;
			children = (
				8DB8EF9726198979004AADED /* PickUpTests.swift */,
				8DB8EF9926198979004AADED /* Info.plist */,
			);
			path = PickUpTests;
			sourceTree = "<group>";
		};
		8DB8EFA126198979004AADED /* PickUpUITests */ = {
			isa = PBXGroup;
			children = (
				8DB8EFF6261A74F7004AADED /* AuthFirebaseDataSourceTest.swift */,
				8DB8EFA226198979004AADED /* PickUpUITests.swift */,
				8DB8EFA426198979004AADED /* Info.plist */,
			);
			path = PickUpUITests;
			sourceTree = "<group>";
		};
		8DB8EFBD26198CBD004AADED /* views */ = {
			isa = PBXGroup;
			children = (
				8DB8EF8726198976004AADED /* ContentView.swift */,
				8DB8EFB3261989A9004AADED /* SignUpView.swift */,
				8DB8EFD52619AB4A004AADED /* HomeView.swift */,
			);
			path = views;
			sourceTree = "<group>";
		};
		8DB8EFC726199F6F004AADED /* viewmodels */ = {
			isa = PBXGroup;
			children = (
				8DB8EFCB2619A04A004AADED /* SignUpViewModel.swift */,
				8DB8EFD02619A6B8004AADED /* ContentViewModel.swift */,
			);
			path = viewmodels;
			sourceTree = "<group>";
		};
		8DB8EFDB261A69A3004AADED /* data */ = {
			isa = PBXGroup;
			children = (
				8DB8F014261A89D5004AADED /* daos */,
				8DB8EFB8261989B2004AADED /* AuthRepo.swift */,
				8DB8EFDC261A6BEB004AADED /* AuthFirebaseDataSource.swift */,
			);
			path = data;
			sourceTree = "<group>";
		};
		8DB8F014261A89D5004AADED /* daos */ = {
			isa = PBXGroup;
			children = (
				8DB8F020261A8A45004AADED /* UserDao.swift */,
			);
			path = daos;
			sourceTree = "<group>";
		};
/* End PBXGroup section */

/* Begin PBXNativeTarget section */
		8DB8EF8126198976004AADED /* PickUp */ = {
			isa = PBXNativeTarget;
			buildConfigurationList = 8DB8EFA726198979004AADED /* Build configuration list for PBXNativeTarget "PickUp" */;
			buildPhases = (
				55CF8F6A8AD547CF0D8C2F52 /* [CP] Check Pods Manifest.lock */,
				8DB8EF7E26198976004AADED /* Sources */,
				8DB8EF7F26198976004AADED /* Frameworks */,
				8DB8EF8026198976004AADED /* Resources */,
				6A1041CA618054846EC45F34 /* [CP] Embed Pods Frameworks */,
			);
			buildRules = (
			);
			dependencies = (
			);
			name = PickUp;
			productName = PickUp;
			productReference = 8DB8EF8226198976004AADED /* PickUp.app */;
			productType = "com.apple.product-type.application";
		};
		8DB8EF9226198979004AADED /* PickUpTests */ = {
			isa = PBXNativeTarget;
			buildConfigurationList = 8DB8EFAA26198979004AADED /* Build configuration list for PBXNativeTarget "PickUpTests" */;
			buildPhases = (
				93C74302E224B48B0EA44610 /* [CP] Check Pods Manifest.lock */,
				8DB8EF8F26198979004AADED /* Sources */,
				8DB8EF9026198979004AADED /* Frameworks */,
				8DB8EF9126198979004AADED /* Resources */,
			);
			buildRules = (
			);
			dependencies = (
				8DB8EF9526198979004AADED /* PBXTargetDependency */,
			);
			name = PickUpTests;
			productName = PickUpTests;
			productReference = 8DB8EF9326198979004AADED /* PickUpTests.xctest */;
			productType = "com.apple.product-type.bundle.unit-test";
		};
		8DB8EF9D26198979004AADED /* PickUpUITests */ = {
			isa = PBXNativeTarget;
			buildConfigurationList = 8DB8EFAD26198979004AADED /* Build configuration list for PBXNativeTarget "PickUpUITests" */;
			buildPhases = (
				13233EB7F334EBFE3E78854B /* [CP] Check Pods Manifest.lock */,
				8DB8EF9A26198979004AADED /* Sources */,
				8DB8EF9B26198979004AADED /* Frameworks */,
				8DB8EF9C26198979004AADED /* Resources */,
				F3E96BB054F1D8F76A3AEFF9 /* [CP] Embed Pods Frameworks */,
			);
			buildRules = (
			);
			dependencies = (
				8DB8EFA026198979004AADED /* PBXTargetDependency */,
			);
			name = PickUpUITests;
			productName = PickUpUITests;
			productReference = 8DB8EF9E26198979004AADED /* PickUpUITests.xctest */;
			productType = "com.apple.product-type.bundle.ui-testing";
		};
/* End PBXNativeTarget section */

/* Begin PBXProject section */
		8DB8EF7A26198976004AADED /* Project object */ = {
			isa = PBXProject;
			attributes = {
				LastSwiftUpdateCheck = 1240;
				LastUpgradeCheck = 1240;
				TargetAttributes = {
					8DB8EF8126198976004AADED = {
						CreatedOnToolsVersion = 12.4;
					};
					8DB8EF9226198979004AADED = {
						CreatedOnToolsVersion = 12.4;
						TestTargetID = 8DB8EF8126198976004AADED;
					};
					8DB8EF9D26198979004AADED = {
						CreatedOnToolsVersion = 12.4;
						TestTargetID = 8DB8EF8126198976004AADED;
					};
				};
			};
			buildConfigurationList = 8DB8EF7D26198976004AADED /* Build configuration list for PBXProject "PickUp" */;
			compatibilityVersion = "Xcode 9.3";
			developmentRegion = en;
			hasScannedForEncodings = 0;
			knownRegions = (
				en,
				Base,
			);
			mainGroup = 8DB8EF7926198976004AADED;
			productRefGroup = 8DB8EF8326198976004AADED /* Products */;
			projectDirPath = "";
			projectRoot = "";
			targets = (
				8DB8EF8126198976004AADED /* PickUp */,
				8DB8EF9226198979004AADED /* PickUpTests */,
				8DB8EF9D26198979004AADED /* PickUpUITests */,
			);
		};
/* End PBXProject section */

/* Begin PBXResourcesBuildPhase section */
		8DB8EF8026198976004AADED /* Resources */ = {
			isa = PBXResourcesBuildPhase;
			buildActionMask = 2147483647;
			files = (
				8DB8EF8D26198979004AADED /* Preview Assets.xcassets in Resources */,
				8DB8EF8A26198979004AADED /* Assets.xcassets in Resources */,
				8DB8F008261A8201004AADED /* GoogleService-Info.plist in Resources */,
			);
			runOnlyForDeploymentPostprocessing = 0;
		};
		8DB8EF9126198979004AADED /* Resources */ = {
			isa = PBXResourcesBuildPhase;
			buildActionMask = 2147483647;
			files = (
				8DB8F009261A8201004AADED /* GoogleService-Info.plist in Resources */,
			);
			runOnlyForDeploymentPostprocessing = 0;
		};
		8DB8EF9C26198979004AADED /* Resources */ = {
			isa = PBXResourcesBuildPhase;
			buildActionMask = 2147483647;
			files = (
				8DB8F00A261A8201004AADED /* GoogleService-Info.plist in Resources */,
			);
			runOnlyForDeploymentPostprocessing = 0;
		};
/* End PBXResourcesBuildPhase section */

/* Begin PBXShellScriptBuildPhase section */
		13233EB7F334EBFE3E78854B /* [CP] Check Pods Manifest.lock */ = {
			isa = PBXShellScriptBuildPhase;
			buildActionMask = 2147483647;
			files = (
			);
			inputFileListPaths = (
			);
			inputPaths = (
				"${PODS_PODFILE_DIR_PATH}/Podfile.lock",
				"${PODS_ROOT}/Manifest.lock",
			);
			name = "[CP] Check Pods Manifest.lock";
			outputFileListPaths = (
			);
			outputPaths = (
				"$(DERIVED_FILE_DIR)/Pods-PickUp-PickUpUITests-checkManifestLockResult.txt",
			);
			runOnlyForDeploymentPostprocessing = 0;
			shellPath = /bin/sh;
			shellScript = "diff \"${PODS_PODFILE_DIR_PATH}/Podfile.lock\" \"${PODS_ROOT}/Manifest.lock\" > /dev/null\nif [ $? != 0 ] ; then\n    # print error to STDERR\n    echo \"error: The sandbox is not in sync with the Podfile.lock. Run 'pod install' or update your CocoaPods installation.\" >&2\n    exit 1\nfi\n# This output is used by Xcode 'outputs' to avoid re-running this script phase.\necho \"SUCCESS\" > \"${SCRIPT_OUTPUT_FILE_0}\"\n";
			showEnvVarsInLog = 0;
		};
		55CF8F6A8AD547CF0D8C2F52 /* [CP] Check Pods Manifest.lock */ = {
			isa = PBXShellScriptBuildPhase;
			buildActionMask = 2147483647;
			files = (
			);
			inputFileListPaths = (
			);
			inputPaths = (
				"${PODS_PODFILE_DIR_PATH}/Podfile.lock",
				"${PODS_ROOT}/Manifest.lock",
			);
			name = "[CP] Check Pods Manifest.lock";
			outputFileListPaths = (
			);
			outputPaths = (
				"$(DERIVED_FILE_DIR)/Pods-PickUp-checkManifestLockResult.txt",
			);
			runOnlyForDeploymentPostprocessing = 0;
			shellPath = /bin/sh;
			shellScript = "diff \"${PODS_PODFILE_DIR_PATH}/Podfile.lock\" \"${PODS_ROOT}/Manifest.lock\" > /dev/null\nif [ $? != 0 ] ; then\n    # print error to STDERR\n    echo \"error: The sandbox is not in sync with the Podfile.lock. Run 'pod install' or update your CocoaPods installation.\" >&2\n    exit 1\nfi\n# This output is used by Xcode 'outputs' to avoid re-running this script phase.\necho \"SUCCESS\" > \"${SCRIPT_OUTPUT_FILE_0}\"\n";
			showEnvVarsInLog = 0;
		};
		6A1041CA618054846EC45F34 /* [CP] Embed Pods Frameworks */ = {
			isa = PBXShellScriptBuildPhase;
			buildActionMask = 2147483647;
			files = (
			);
			inputFileListPaths = (
				"${PODS_ROOT}/Target Support Files/Pods-PickUp/Pods-PickUp-frameworks-${CONFIGURATION}-input-files.xcfilelist",
			);
			name = "[CP] Embed Pods Frameworks";
			outputFileListPaths = (
				"${PODS_ROOT}/Target Support Files/Pods-PickUp/Pods-PickUp-frameworks-${CONFIGURATION}-output-files.xcfilelist",
			);
			runOnlyForDeploymentPostprocessing = 0;
			shellPath = /bin/sh;
			shellScript = "\"${PODS_ROOT}/Target Support Files/Pods-PickUp/Pods-PickUp-frameworks.sh\"\n";
			showEnvVarsInLog = 0;
		};
		93C74302E224B48B0EA44610 /* [CP] Check Pods Manifest.lock */ = {
			isa = PBXShellScriptBuildPhase;
			buildActionMask = 2147483647;
			files = (
			);
			inputFileListPaths = (
			);
			inputPaths = (
				"${PODS_PODFILE_DIR_PATH}/Podfile.lock",
				"${PODS_ROOT}/Manifest.lock",
			);
			name = "[CP] Check Pods Manifest.lock";
			outputFileListPaths = (
			);
			outputPaths = (
				"$(DERIVED_FILE_DIR)/Pods-PickUpTests-checkManifestLockResult.txt",
			);
			runOnlyForDeploymentPostprocessing = 0;
			shellPath = /bin/sh;
			shellScript = "diff \"${PODS_PODFILE_DIR_PATH}/Podfile.lock\" \"${PODS_ROOT}/Manifest.lock\" > /dev/null\nif [ $? != 0 ] ; then\n    # print error to STDERR\n    echo \"error: The sandbox is not in sync with the Podfile.lock. Run 'pod install' or update your CocoaPods installation.\" >&2\n    exit 1\nfi\n# This output is used by Xcode 'outputs' to avoid re-running this script phase.\necho \"SUCCESS\" > \"${SCRIPT_OUTPUT_FILE_0}\"\n";
			showEnvVarsInLog = 0;
		};
		F3E96BB054F1D8F76A3AEFF9 /* [CP] Embed Pods Frameworks */ = {
			isa = PBXShellScriptBuildPhase;
			buildActionMask = 2147483647;
			files = (
			);
			inputFileListPaths = (
				"${PODS_ROOT}/Target Support Files/Pods-PickUp-PickUpUITests/Pods-PickUp-PickUpUITests-frameworks-${CONFIGURATION}-input-files.xcfilelist",
			);
			name = "[CP] Embed Pods Frameworks";
			outputFileListPaths = (
				"${PODS_ROOT}/Target Support Files/Pods-PickUp-PickUpUITests/Pods-PickUp-PickUpUITests-frameworks-${CONFIGURATION}-output-files.xcfilelist",
			);
			runOnlyForDeploymentPostprocessing = 0;
			shellPath = /bin/sh;
			shellScript = "\"${PODS_ROOT}/Target Support Files/Pods-PickUp-PickUpUITests/Pods-PickUp-PickUpUITests-frameworks.sh\"\n";
			showEnvVarsInLog = 0;
		};
/* End PBXShellScriptBuildPhase section */

/* Begin PBXSourcesBuildPhase section */
		8DB8EF7E26198976004AADED /* Sources */ = {
			isa = PBXSourcesBuildPhase;
			buildActionMask = 2147483647;
			files = (
				8DB8F058261AAE90004AADED /* PickUpAppDelegate.swift in Sources */,
				8DB8F021261A8A45004AADED /* UserDao.swift in Sources */,
				8DB8EF8826198976004AADED /* ContentView.swift in Sources */,
				8DB8EFD62619AB4A004AADED /* HomeView.swift in Sources */,
				8DB8EFB9261989B2004AADED /* AuthRepo.swift in Sources */,
				8DB8EFD12619A6B8004AADED /* ContentViewModel.swift in Sources */,
				8DB8EFCC2619A04A004AADED /* SignUpViewModel.swift in Sources */,
				8DB8F06A261AB3E9004AADED /* ViewModelFactory.swift in Sources */,
				8DB8EFDD261A6BEB004AADED /* AuthFirebaseDataSource.swift in Sources */,
				8DB8EFB4261989A9004AADED /* SignUpView.swift in Sources */,
				8DB8EF8626198976004AADED /* PickUpApp.swift in Sources */,
			);
			runOnlyForDeploymentPostprocessing = 0;
		};
		8DB8EF8F26198979004AADED /* Sources */ = {
			isa = PBXSourcesBuildPhase;
			buildActionMask = 2147483647;
			files = (
				8DB8F059261AAE90004AADED /* PickUpAppDelegate.swift in Sources */,
				8DB8F022261A8A45004AADED /* UserDao.swift in Sources */,
				8DB8F053261AAD5D004AADED /* AuthRepo.swift in Sources */,
				8DB8F06B261AB3E9004AADED /* ViewModelFactory.swift in Sources */,
				8DB8F04B261AAD58004AADED /* AuthFirebaseDataSource.swift in Sources */,
				8DB8EF9826198979004AADED /* PickUpTests.swift in Sources */,
			);
			runOnlyForDeploymentPostprocessing = 0;
		};
		8DB8EF9A26198979004AADED /* Sources */ = {
			isa = PBXSourcesBuildPhase;
			buildActionMask = 2147483647;
			files = (
				8DB8F062261AB14E004AADED /* AuthFirebaseDataSourceTest.swift in Sources */,
				8DB8F047261AAD58004AADED /* AuthFirebaseDataSource.swift in Sources */,
				8DB8F05A261AAE90004AADED /* PickUpAppDelegate.swift in Sources */,
				8DB8F04F261AAD5D004AADED /* AuthRepo.swift in Sources */,
				8DB8EFA326198979004AADED /* PickUpUITests.swift in Sources */,
				8DB8F023261A8A45004AADED /* UserDao.swift in Sources */,
				8DB8F06C261AB3E9004AADED /* ViewModelFactory.swift in Sources */,
			);
			runOnlyForDeploymentPostprocessing = 0;
		};
/* End PBXSourcesBuildPhase section */

/* Begin PBXTargetDependency section */
		8DB8EF9526198979004AADED /* PBXTargetDependency */ = {
			isa = PBXTargetDependency;
			target = 8DB8EF8126198976004AADED /* PickUp */;
			targetProxy = 8DB8EF9426198979004AADED /* PBXContainerItemProxy */;
		};
		8DB8EFA026198979004AADED /* PBXTargetDependency */ = {
			isa = PBXTargetDependency;
			target = 8DB8EF8126198976004AADED /* PickUp */;
			targetProxy = 8DB8EF9F26198979004AADED /* PBXContainerItemProxy */;
		};
/* End PBXTargetDependency section */

/* Begin XCBuildConfiguration section */
		8DB8EFA526198979004AADED /* Debug */ = {
			isa = XCBuildConfiguration;
			buildSettings = {
				ALWAYS_SEARCH_USER_PATHS = NO;
				CLANG_ANALYZER_NONNULL = YES;
				CLANG_ANALYZER_NUMBER_OBJECT_CONVERSION = YES_AGGRESSIVE;
				CLANG_CXX_LANGUAGE_STANDARD = "gnu++14";
				CLANG_CXX_LIBRARY = "libc++";
				CLANG_ENABLE_MODULES = YES;
				CLANG_ENABLE_OBJC_ARC = YES;
				CLANG_ENABLE_OBJC_WEAK = YES;
				CLANG_WARN_BLOCK_CAPTURE_AUTORELEASING = YES;
				CLANG_WARN_BOOL_CONVERSION = YES;
				CLANG_WARN_COMMA = YES;
				CLANG_WARN_CONSTANT_CONVERSION = YES;
				CLANG_WARN_DEPRECATED_OBJC_IMPLEMENTATIONS = YES;
				CLANG_WARN_DIRECT_OBJC_ISA_USAGE = YES_ERROR;
				CLANG_WARN_DOCUMENTATION_COMMENTS = YES;
				CLANG_WARN_EMPTY_BODY = YES;
				CLANG_WARN_ENUM_CONVERSION = YES;
				CLANG_WARN_INFINITE_RECURSION = YES;
				CLANG_WARN_INT_CONVERSION = YES;
				CLANG_WARN_NON_LITERAL_NULL_CONVERSION = YES;
				CLANG_WARN_OBJC_IMPLICIT_RETAIN_SELF = YES;
				CLANG_WARN_OBJC_LITERAL_CONVERSION = YES;
				CLANG_WARN_OBJC_ROOT_CLASS = YES_ERROR;
				CLANG_WARN_QUOTED_INCLUDE_IN_FRAMEWORK_HEADER = YES;
				CLANG_WARN_RANGE_LOOP_ANALYSIS = YES;
				CLANG_WARN_STRICT_PROTOTYPES = YES;
				CLANG_WARN_SUSPICIOUS_MOVE = YES;
				CLANG_WARN_UNGUARDED_AVAILABILITY = YES_AGGRESSIVE;
				CLANG_WARN_UNREACHABLE_CODE = YES;
				CLANG_WARN__DUPLICATE_METHOD_MATCH = YES;
				COPY_PHASE_STRIP = NO;
				DEBUG_INFORMATION_FORMAT = dwarf;
				ENABLE_STRICT_OBJC_MSGSEND = YES;
				ENABLE_TESTABILITY = YES;
				GCC_C_LANGUAGE_STANDARD = gnu11;
				GCC_DYNAMIC_NO_PIC = NO;
				GCC_NO_COMMON_BLOCKS = YES;
				GCC_OPTIMIZATION_LEVEL = 0;
				GCC_PREPROCESSOR_DEFINITIONS = (
					"DEBUG=1",
					"$(inherited)",
				);
				GCC_WARN_64_TO_32_BIT_CONVERSION = YES;
				GCC_WARN_ABOUT_RETURN_TYPE = YES_ERROR;
				GCC_WARN_UNDECLARED_SELECTOR = YES;
				GCC_WARN_UNINITIALIZED_AUTOS = YES_AGGRESSIVE;
				GCC_WARN_UNUSED_FUNCTION = YES;
				GCC_WARN_UNUSED_VARIABLE = YES;
				IPHONEOS_DEPLOYMENT_TARGET = 14.4;
				MTL_ENABLE_DEBUG_INFO = INCLUDE_SOURCE;
				MTL_FAST_MATH = YES;
				ONLY_ACTIVE_ARCH = YES;
				SDKROOT = iphoneos;
				SWIFT_ACTIVE_COMPILATION_CONDITIONS = DEBUG;
				SWIFT_OPTIMIZATION_LEVEL = "-Onone";
			};
			name = Debug;
		};
		8DB8EFA626198979004AADED /* Release */ = {
			isa = XCBuildConfiguration;
			buildSettings = {
				ALWAYS_SEARCH_USER_PATHS = NO;
				CLANG_ANALYZER_NONNULL = YES;
				CLANG_ANALYZER_NUMBER_OBJECT_CONVERSION = YES_AGGRESSIVE;
				CLANG_CXX_LANGUAGE_STANDARD = "gnu++14";
				CLANG_CXX_LIBRARY = "libc++";
				CLANG_ENABLE_MODULES = YES;
				CLANG_ENABLE_OBJC_ARC = YES;
				CLANG_ENABLE_OBJC_WEAK = YES;
				CLANG_WARN_BLOCK_CAPTURE_AUTORELEASING = YES;
				CLANG_WARN_BOOL_CONVERSION = YES;
				CLANG_WARN_COMMA = YES;
				CLANG_WARN_CONSTANT_CONVERSION = YES;
				CLANG_WARN_DEPRECATED_OBJC_IMPLEMENTATIONS = YES;
				CLANG_WARN_DIRECT_OBJC_ISA_USAGE = YES_ERROR;
				CLANG_WARN_DOCUMENTATION_COMMENTS = YES;
				CLANG_WARN_EMPTY_BODY = YES;
				CLANG_WARN_ENUM_CONVERSION = YES;
				CLANG_WARN_INFINITE_RECURSION = YES;
				CLANG_WARN_INT_CONVERSION = YES;
				CLANG_WARN_NON_LITERAL_NULL_CONVERSION = YES;
				CLANG_WARN_OBJC_IMPLICIT_RETAIN_SELF = YES;
				CLANG_WARN_OBJC_LITERAL_CONVERSION = YES;
				CLANG_WARN_OBJC_ROOT_CLASS = YES_ERROR;
				CLANG_WARN_QUOTED_INCLUDE_IN_FRAMEWORK_HEADER = YES;
				CLANG_WARN_RANGE_LOOP_ANALYSIS = YES;
				CLANG_WARN_STRICT_PROTOTYPES = YES;
				CLANG_WARN_SUSPICIOUS_MOVE = YES;
				CLANG_WARN_UNGUARDED_AVAILABILITY = YES_AGGRESSIVE;
				CLANG_WARN_UNREACHABLE_CODE = YES;
				CLANG_WARN__DUPLICATE_METHOD_MATCH = YES;
				COPY_PHASE_STRIP = NO;
				DEBUG_INFORMATION_FORMAT = "dwarf-with-dsym";
				ENABLE_NS_ASSERTIONS = NO;
				ENABLE_STRICT_OBJC_MSGSEND = YES;
				GCC_C_LANGUAGE_STANDARD = gnu11;
				GCC_NO_COMMON_BLOCKS = YES;
				GCC_WARN_64_TO_32_BIT_CONVERSION = YES;
				GCC_WARN_ABOUT_RETURN_TYPE = YES_ERROR;
				GCC_WARN_UNDECLARED_SELECTOR = YES;
				GCC_WARN_UNINITIALIZED_AUTOS = YES_AGGRESSIVE;
				GCC_WARN_UNUSED_FUNCTION = YES;
				GCC_WARN_UNUSED_VARIABLE = YES;
				IPHONEOS_DEPLOYMENT_TARGET = 14.4;
				MTL_ENABLE_DEBUG_INFO = NO;
				MTL_FAST_MATH = YES;
				SDKROOT = iphoneos;
				SWIFT_COMPILATION_MODE = wholemodule;
				SWIFT_OPTIMIZATION_LEVEL = "-O";
				VALIDATE_PRODUCT = YES;
			};
			name = Release;
		};
		8DB8EFA826198979004AADED /* Debug */ = {
			isa = XCBuildConfiguration;
			baseConfigurationReference = 9D15CB2A404F9F6ED4D779DF /* Pods-PickUp.debug.xcconfig */;
			buildSettings = {
				ASSETCATALOG_COMPILER_APPICON_NAME = AppIcon;
				ASSETCATALOG_COMPILER_GLOBAL_ACCENT_COLOR_NAME = AccentColor;
				CODE_SIGN_STYLE = Automatic;
				DEVELOPMENT_ASSET_PATHS = "\"PickUp/Preview Content\"";
				ENABLE_PREVIEWS = YES;
				INFOPLIST_FILE = PickUp/Info.plist;
				IPHONEOS_DEPLOYMENT_TARGET = 14.0;
				LD_RUNPATH_SEARCH_PATHS = (
					"$(inherited)",
					"@executable_path/Frameworks",
				);
				PRODUCT_BUNDLE_IDENTIFIER = PickUpBois.PickUp;
				PRODUCT_NAME = "$(TARGET_NAME)";
				SWIFT_VERSION = 5.0;
				TARGETED_DEVICE_FAMILY = "1,2";
			};
			name = Debug;
		};
		8DB8EFA926198979004AADED /* Release */ = {
			isa = XCBuildConfiguration;
			baseConfigurationReference = 8EB8B0A29B973038161B520F /* Pods-PickUp.release.xcconfig */;
			buildSettings = {
				ASSETCATALOG_COMPILER_APPICON_NAME = AppIcon;
				ASSETCATALOG_COMPILER_GLOBAL_ACCENT_COLOR_NAME = AccentColor;
				CODE_SIGN_STYLE = Automatic;
				DEVELOPMENT_ASSET_PATHS = "\"PickUp/Preview Content\"";
				ENABLE_PREVIEWS = YES;
				INFOPLIST_FILE = PickUp/Info.plist;
				IPHONEOS_DEPLOYMENT_TARGET = 14.0;
				LD_RUNPATH_SEARCH_PATHS = (
					"$(inherited)",
					"@executable_path/Frameworks",
				);
				PRODUCT_BUNDLE_IDENTIFIER = PickUpBois.PickUp;
				PRODUCT_NAME = "$(TARGET_NAME)";
				SWIFT_VERSION = 5.0;
				TARGETED_DEVICE_FAMILY = "1,2";
			};
			name = Release;
		};
		8DB8EFAB26198979004AADED /* Debug */ = {
			isa = XCBuildConfiguration;
			baseConfigurationReference = 3CAFA1516D4C68D02E665F97 /* Pods-PickUpTests.debug.xcconfig */;
			buildSettings = {
				ALWAYS_EMBED_SWIFT_STANDARD_LIBRARIES = YES;
				BUNDLE_LOADER = "$(TEST_HOST)";
				CODE_SIGN_STYLE = Automatic;
				INFOPLIST_FILE = PickUpTests/Info.plist;
				IPHONEOS_DEPLOYMENT_TARGET = 14.0;
				LD_RUNPATH_SEARCH_PATHS = (
					"$(inherited)",
					"@executable_path/Frameworks",
					"@loader_path/Frameworks",
				);
				PRODUCT_BUNDLE_IDENTIFIER = PickUpBois.PickUpTests;
				PRODUCT_NAME = "$(TARGET_NAME)";
				SWIFT_VERSION = 5.0;
				TARGETED_DEVICE_FAMILY = "1,2";
				TEST_HOST = "$(BUILT_PRODUCTS_DIR)/PickUp.app/PickUp";
			};
			name = Debug;
		};
		8DB8EFAC26198979004AADED /* Release */ = {
			isa = XCBuildConfiguration;
			baseConfigurationReference = 1713F0E8051208CEC621D8B8 /* Pods-PickUpTests.release.xcconfig */;
			buildSettings = {
				ALWAYS_EMBED_SWIFT_STANDARD_LIBRARIES = YES;
				BUNDLE_LOADER = "$(TEST_HOST)";
				CODE_SIGN_STYLE = Automatic;
				INFOPLIST_FILE = PickUpTests/Info.plist;
				IPHONEOS_DEPLOYMENT_TARGET = 14.0;
				LD_RUNPATH_SEARCH_PATHS = (
					"$(inherited)",
					"@executable_path/Frameworks",
					"@loader_path/Frameworks",
				);
				PRODUCT_BUNDLE_IDENTIFIER = PickUpBois.PickUpTests;
				PRODUCT_NAME = "$(TARGET_NAME)";
				SWIFT_VERSION = 5.0;
				TARGETED_DEVICE_FAMILY = "1,2";
				TEST_HOST = "$(BUILT_PRODUCTS_DIR)/PickUp.app/PickUp";
			};
			name = Release;
		};
		8DB8EFAE26198979004AADED /* Debug */ = {
			isa = XCBuildConfiguration;
			baseConfigurationReference = 95F15E1C1D0B3D295628FFFF /* Pods-PickUp-PickUpUITests.debug.xcconfig */;
			buildSettings = {
				ALWAYS_EMBED_SWIFT_STANDARD_LIBRARIES = YES;
				CODE_SIGN_STYLE = Automatic;
				INFOPLIST_FILE = PickUpUITests/Info.plist;
				LD_RUNPATH_SEARCH_PATHS = (
					"$(inherited)",
					"@executable_path/Frameworks",
					"@loader_path/Frameworks",
				);
				PRODUCT_BUNDLE_IDENTIFIER = PickUpBois.PickUpUITests;
				PRODUCT_NAME = "$(TARGET_NAME)";
				SWIFT_VERSION = 5.0;
				TARGETED_DEVICE_FAMILY = "1,2";
				TEST_TARGET_NAME = PickUp;
			};
			name = Debug;
		};
		8DB8EFAF26198979004AADED /* Release */ = {
			isa = XCBuildConfiguration;
			baseConfigurationReference = 37B4D1F8385E9203AFDB1EEA /* Pods-PickUp-PickUpUITests.release.xcconfig */;
			buildSettings = {
				ALWAYS_EMBED_SWIFT_STANDARD_LIBRARIES = YES;
				CODE_SIGN_STYLE = Automatic;
				INFOPLIST_FILE = PickUpUITests/Info.plist;
				LD_RUNPATH_SEARCH_PATHS = (
					"$(inherited)",
					"@executable_path/Frameworks",
					"@loader_path/Frameworks",
				);
				PRODUCT_BUNDLE_IDENTIFIER = PickUpBois.PickUpUITests;
				PRODUCT_NAME = "$(TARGET_NAME)";
				SWIFT_VERSION = 5.0;
				TARGETED_DEVICE_FAMILY = "1,2";
				TEST_TARGET_NAME = PickUp;
			};
			name = Release;
		};
/* End XCBuildConfiguration section */

/* Begin XCConfigurationList section */
		8DB8EF7D26198976004AADED /* Build configuration list for PBXProject "PickUp" */ = {
			isa = XCConfigurationList;
			buildConfigurations = (
				8DB8EFA526198979004AADED /* Debug */,
				8DB8EFA626198979004AADED /* Release */,
			);
			defaultConfigurationIsVisible = 0;
			defaultConfigurationName = Release;
		};
		8DB8EFA726198979004AADED /* Build configuration list for PBXNativeTarget "PickUp" */ = {
			isa = XCConfigurationList;
			buildConfigurations = (
				8DB8EFA826198979004AADED /* Debug */,
				8DB8EFA926198979004AADED /* Release */,
			);
			defaultConfigurationIsVisible = 0;
			defaultConfigurationName = Release;
		};
		8DB8EFAA26198979004AADED /* Build configuration list for PBXNativeTarget "PickUpTests" */ = {
			isa = XCConfigurationList;
			buildConfigurations = (
				8DB8EFAB26198979004AADED /* Debug */,
				8DB8EFAC26198979004AADED /* Release */,
			);
			defaultConfigurationIsVisible = 0;
			defaultConfigurationName = Release;
		};
		8DB8EFAD26198979004AADED /* Build configuration list for PBXNativeTarget "PickUpUITests" */ = {
			isa = XCConfigurationList;
			buildConfigurations = (
				8DB8EFAE26198979004AADED /* Debug */,
				8DB8EFAF26198979004AADED /* Release */,
			);
			defaultConfigurationIsVisible = 0;
			defaultConfigurationName = Release;
		};
/* End XCConfigurationList section */
	};
	rootObject = 8DB8EF7A26198976004AADED /* Project object */;
}
